
Microsoft Visual Studio Solution File, Format Version 12.00
# Visual Studio 14
VisualStudioVersion = 14.0.25123.0
MinimumVisualStudioVersion = 10.0.40219.1
Project("{FAE04EC0-301F-11D3-BF4B-00C04F79EFBC}") = "Audit.Core", "Audit\Audit.Core.csproj", "{AB4FB487-BCE5-4C8F-ABD8-16EEC5826136}"
EndProject
Project("{FAE04EC0-301F-11D3-BF4B-00C04F79EFBC}") = "Audit.SqlServer", "Audit.Sql\Audit.SqlServer.csproj", "{9CA289A8-5CB3-47AD-881B-45B93EF53381}"
EndProject
Project("{FAE04EC0-301F-11D3-BF4B-00C04F79EFBC}") = "Audit.MongoDB", "Audit.MongoDB\Audit.MongoDB.csproj", "{64FB85F2-B28A-4623-AA7D-B29E144FD756}"
EndProject
Project("{FAE04EC0-301F-11D3-BF4B-00C04F79EFBC}") = "Audit.AzureDocumentDB", "Audit.AzureDocumentDB\Audit.AzureDocumentDB.csproj", "{454A26A0-B5B8-463E-979D-CDF554170EE2}"
EndProject
Project("{FAE04EC0-301F-11D3-BF4B-00C04F79EFBC}") = "Audit.UnitTest", "Audit.UnitTest\Audit.UnitTest.csproj", "{30FA281D-360A-4FBF-B192-B3AA607F2D8E}"
EndProject
Global
	GlobalSection(SolutionConfigurationPlatforms) = preSolution
		Debug|Any CPU = Debug|Any CPU
		Release|Any CPU = Release|Any CPU
	EndGlobalSection
	GlobalSection(ProjectConfigurationPlatforms) = postSolution
		{AB4FB487-BCE5-4C8F-ABD8-16EEC5826136}.Debug|Any CPU.ActiveCfg = Debug|Any CPU
		{AB4FB487-BCE5-4C8F-ABD8-16EEC5826136}.Debug|Any CPU.Build.0 = Debug|Any CPU
		{AB4FB487-BCE5-4C8F-ABD8-16EEC5826136}.Release|Any CPU.ActiveCfg = Release|Any CPU
		{AB4FB487-BCE5-4C8F-ABD8-16EEC5826136}.Release|Any CPU.Build.0 = Release|Any CPU
		{9CA289A8-5CB3-47AD-881B-45B93EF53381}.Debug|Any CPU.ActiveCfg = Debug|Any CPU
		{9CA289A8-5CB3-47AD-881B-45B93EF53381}.Debug|Any CPU.Build.0 = Debug|Any CPU
		{9CA289A8-5CB3-47AD-881B-45B93EF53381}.Release|Any CPU.ActiveCfg = Release|Any CPU
		{9CA289A8-5CB3-47AD-881B-45B93EF53381}.Release|Any CPU.Build.0 = Release|Any CPU
		{64FB85F2-B28A-4623-AA7D-B29E144FD756}.Debug|Any CPU.ActiveCfg = Debug|Any CPU
		{64FB85F2-B28A-4623-AA7D-B29E144FD756}.Debug|Any CPU.Build.0 = Debug|Any CPU
		{64FB85F2-B28A-4623-AA7D-B29E144FD756}.Release|Any CPU.ActiveCfg = Release|Any CPU
		{64FB85F2-B28A-4623-AA7D-B29E144FD756}.Release|Any CPU.Build.0 = Release|Any CPU
		{454A26A0-B5B8-463E-979D-CDF554170EE2}.Debug|Any CPU.ActiveCfg = Debug|Any CPU
		{454A26A0-B5B8-463E-979D-CDF554170EE2}.Debug|Any CPU.Build.0 = Debug|Any CPU
		{454A26A0-B5B8-463E-979D-CDF554170EE2}.Release|Any CPU.ActiveCfg = Release|Any CPU
		{454A26A0-B5B8-463E-979D-CDF554170EE2}.Release|Any CPU.Build.0 = Release|Any CPU
		{30FA281D-360A-4FBF-B192-B3AA607F2D8E}.Debug|Any CPU.ActiveCfg = Debug|Any CPU
		{30FA281D-360A-4FBF-B192-B3AA607F2D8E}.Debug|Any CPU.Build.0 = Debug|Any CPU
		{30FA281D-360A-4FBF-B192-B3AA607F2D8E}.Release|Any CPU.ActiveCfg = Release|Any CPU
		{30FA281D-360A-4FBF-B192-B3AA607F2D8E}.Release|Any CPU.Build.0 = Release|Any CPU
	EndGlobalSection
	GlobalSection(SolutionProperties) = preSolution
		HideSolutionNode = FALSE
	EndGlobalSection
EndGlobal
