
Microsoft Visual Studio Solution File, Format Version 12.00
# Visual Studio Version 17
VisualStudioVersion = 17.0.32014.148
MinimumVisualStudioVersion = 10.0.40219.1
Project("{2150E333-8FDC-42A3-9474-1A3956D46DE8}") = "src", "src", "{E62475E8-0BE1-4464-BBD9-FD06CC546593}"
EndProject
Project("{2150E333-8FDC-42A3-9474-1A3956D46DE8}") = "Solution Items", "Solution Items", "{A5617401-3C5E-4B37-85B0-F33D41F6BEEE}"
	ProjectSection(SolutionItems) = preProject
		.runsettings = .runsettings
		CHANGELOG.md = CHANGELOG.md
		Directory.Build.props = Directory.Build.props
		Directory.Build.targets = Directory.Build.targets
		README.md = README.md
		.github\workflows\CI-BuildAndTest.yml = .github\workflows\CI-BuildAndTest.yml
		Docker\docker-compose.yml = Docker\docker-compose.yml
	EndProjectSection
EndProject
Project("{2150E333-8FDC-42A3-9474-1A3956D46DE8}") = "test", "test", "{A54B4BB6-3439-432B-AFD9-FE62D6528D42}"
EndProject
Project("{9A19103F-16F7-4668-BE54-9A1E7A4F7556}") = "Audit.WebApi.UnitTest", "test\Audit.WebApi.UnitTest\Audit.WebApi.UnitTest.csproj", "{8A6C8B84-2C46-4CC2-A291-D606E1656FF7}"
EndProject
Project("{9A19103F-16F7-4668-BE54-9A1E7A4F7556}") = "Audit.Mvc.UnitTest", "test\Audit.Mvc.UnitTest\Audit.Mvc.UnitTest.csproj", "{2E268670-CC83-471E-8A44-92756342140B}"
EndProject
Project("{9A19103F-16F7-4668-BE54-9A1E7A4F7556}") = "Audit.NET", "src\Audit.NET\Audit.NET.csproj", "{95370B23-ED59-420A-B22C-722BF38DEF42}"
EndProject
Project("{9A19103F-16F7-4668-BE54-9A1E7A4F7556}") = "Audit.NET.MongoDB", "src\Audit.NET.MongoDB\Audit.NET.MongoDB.csproj", "{D3CEDE4E-620B-40A8-9FFF-E083B3CC6D41}"
EndProject
Project("{9A19103F-16F7-4668-BE54-9A1E7A4F7556}") = "Audit.NET.Firestore", "src\Audit.NET.Firestore\Audit.NET.Firestore.csproj", "{30801580-E29E-4A6F-B613-BBDC9699F7D2}"
EndProject
Project("{9A19103F-16F7-4668-BE54-9A1E7A4F7556}") = "Audit.NET.SqlServer", "src\Audit.NET.SqlServer\Audit.NET.SqlServer.csproj", "{D6C86273-942B-4BE7-8764-FA4567F19C9A}"
EndProject
Project("{9A19103F-16F7-4668-BE54-9A1E7A4F7556}") = "Audit.WebApi", "src\Audit.WebApi\Audit.WebApi.csproj", "{5D3052CA-00E0-4FCF-9DE0-BD8CBFDAE5DA}"
EndProject
Project("{9A19103F-16F7-4668-BE54-9A1E7A4F7556}") = "Audit.Mvc", "src\Audit.Mvc\Audit.Mvc.csproj", "{1F1C8626-C84B-45F6-9E84-F639212CCB2A}"
EndProject
Project("{9A19103F-16F7-4668-BE54-9A1E7A4F7556}") = "Audit.EntityFramework", "src\Audit.EntityFramework\Audit.EntityFramework.csproj", "{0E1077B5-0166-46AE-BD6D-7CCEA001D1A3}"
EndProject
Project("{9A19103F-16F7-4668-BE54-9A1E7A4F7556}") = "Audit.WCF", "src\Audit.WCF\Audit.WCF.csproj", "{6A20E5D4-1E8C-4155-9AA3-D9346A6FAC93}"
EndProject
Project("{9A19103F-16F7-4668-BE54-9A1E7A4F7556}") = "Audit.DynamicProxy", "src\Audit.DynamicProxy\Audit.DynamicProxy.csproj", "{0193EA15-7307-4D7F-A7B1-C9EC00686FA0}"
EndProject
Project("{9A19103F-16F7-4668-BE54-9A1E7A4F7556}") = "Audit.DynamicProxy.UnitTest", "test\Audit.DynamicProxy.UnitTest\Audit.DynamicProxy.UnitTest.csproj", "{C60DF995-E82A-4137-9779-DBB5B21FFD4D}"
EndProject
Project("{9A19103F-16F7-4668-BE54-9A1E7A4F7556}") = "Audit.NET.MySql", "src\Audit.NET.MySql\Audit.NET.MySql.csproj", "{E66283AC-59E0-4BA7-AC5D-F1DAC08F965D}"
EndProject
Project("{9A19103F-16F7-4668-BE54-9A1E7A4F7556}") = "Audit.NET.Udp", "src\Audit.NET.Udp\Audit.NET.Udp.csproj", "{0FFD2976-B8EB-4A65-982C-BE4546502C5A}"
EndProject
Project("{9A19103F-16F7-4668-BE54-9A1E7A4F7556}") = "Audit.NET.Redis", "src\Audit.NET.Redis\Audit.NET.Redis.csproj", "{A52C51C4-B236-45D5-ADFA-54FD51A3605A}"
EndProject
Project("{9A19103F-16F7-4668-BE54-9A1E7A4F7556}") = "Audit.Redis.UnitTest", "test\Audit.Redis.UnitTest\Audit.Redis.UnitTest.csproj", "{F0CA6B9F-0586-4F2A-B895-09CCB45C6FFF}"
EndProject
Project("{9A19103F-16F7-4668-BE54-9A1E7A4F7556}") = "Audit.EntityFramework.Core", "src\Audit.EntityFramework.Core\Audit.EntityFramework.Core.csproj", "{6C3586EB-84E7-49BB-A356-1C36E85206BE}"
EndProject
Project("{9A19103F-16F7-4668-BE54-9A1E7A4F7556}") = "Audit.NET.PostgreSql", "src\Audit.NET.PostgreSql\Audit.NET.PostgreSql.csproj", "{109878E3-07D9-4C96-9F8B-17B898D25734}"
EndProject
Project("{9A19103F-16F7-4668-BE54-9A1E7A4F7556}") = "Audit.FileSystem", "src\Audit.FileSystem\Audit.FileSystem.csproj", "{E49DA113-C5E1-4800-8AF7-A975D50D367F}"
EndProject
Project("{9A19103F-16F7-4668-BE54-9A1E7A4F7556}") = "Audit.SignalR", "src\Audit.SignalR\Audit.SignalR.csproj", "{9F750B91-695D-402A-9570-074D25BB4660}"
EndProject
Project("{9A19103F-16F7-4668-BE54-9A1E7A4F7556}") = "Audit.WebApi.Core", "src\Audit.WebApi.Core\Audit.WebApi.Core.csproj", "{16A5ED20-48BE-484B-8780-43693A3CFF6C}"
EndProject
Project("{9A19103F-16F7-4668-BE54-9A1E7A4F7556}") = "Audit.Mvc.Core", "src\Audit.Mvc.Core\Audit.Mvc.Core.csproj", "{19A96BB9-0FF0-48C5-9DB1-6ED902422EC6}"
EndProject
Project("{9A19103F-16F7-4668-BE54-9A1E7A4F7556}") = "Audit.NET.log4net", "src\Audit.NET.log4net\Audit.NET.log4net.csproj", "{35345A58-3DE6-4ACF-8951-E8B8DD71E876}"
EndProject
Project("{9A19103F-16F7-4668-BE54-9A1E7A4F7556}") = "Audit.NET.Elasticsearch", "src\Audit.NET.ElasticSearch\Audit.NET.Elasticsearch.csproj", "{51E07A8D-EE59-40EC-BE57-736BE91AD548}"
EndProject
Project("{9A19103F-16F7-4668-BE54-9A1E7A4F7556}") = "Audit.UnitTest", "test\Audit.UnitTest\Audit.UnitTest.csproj", "{A9877617-7CE9-43F8-A8BD-F2B1B501C652}"
EndProject
Project("{9A19103F-16F7-4668-BE54-9A1E7A4F7556}") = "Audit.NET.EventLog.Core", "src\Audit.NET.EventLog.Core\Audit.NET.EventLog.Core.csproj", "{8CFEFBC8-36E4-4B29-8CA7-C0A8C89DAF66}"
EndProject
Project("{9A19103F-16F7-4668-BE54-9A1E7A4F7556}") = "Audit.EntityFramework.Core.UnitTest", "test\Audit.EntityFramework.Core.UnitTest\Audit.EntityFramework.Core.UnitTest.csproj", "{891B030F-5332-42D3-8C82-18CB29C3A7BD}"
EndProject
Project("{2150E333-8FDC-42A3-9474-1A3956D46DE8}") = "templates", "templates", "{47AB2E9F-353B-4C6E-B04A-6622DE5F407D}"
EndProject
Project("{9A19103F-16F7-4668-BE54-9A1E7A4F7556}") = "Audit.Mvc.Template", "templates\MVC\content\Audit.Mvc.Template\Audit.Mvc.Template.csproj", "{5A71A8BD-791E-4FE3-8FB7-B2122115056D}"
EndProject
Project("{9A19103F-16F7-4668-BE54-9A1E7A4F7556}") = "Audit.WebApi.Template", "templates\WebApi\content\Audit.WebApi.Template\Audit.WebApi.Template.csproj", "{D37736EB-5A3F-4D5B-BCF4-45B04BD187EB}"
EndProject
Project("{2150E333-8FDC-42A3-9474-1A3956D46DE8}") = "WebApi", "WebApi", "{C874D041-824A-4B4B-A27B-851E7B387AED}"
	ProjectSection(SolutionItems) = preProject
		templates\WebApi\Audit.WebApi.Template.nuspec = templates\WebApi\Audit.WebApi.Template.nuspec
		templates\WebApi\content\Audit.WebApi.Template\.template.config\template.json = templates\WebApi\content\Audit.WebApi.Template\.template.config\template.json
	EndProjectSection
EndProject
Project("{2150E333-8FDC-42A3-9474-1A3956D46DE8}") = "Mvc", "Mvc", "{544B332C-74C2-46AE-8298-3FBB3D4E847A}"
	ProjectSection(SolutionItems) = preProject
		templates\MVC\Audit.Mvc.Template.nuspec = templates\MVC\Audit.Mvc.Template.nuspec
		templates\MVC\content\Audit.Mvc.Template\.template.config\template.json = templates\MVC\content\Audit.Mvc.Template\.template.config\template.json
	EndProjectSection
EndProject
Project("{9A19103F-16F7-4668-BE54-9A1E7A4F7556}") = "Audit.NET.DynamoDB", "src\Audit.NET.DynamoDB\Audit.NET.DynamoDB.csproj", "{EBA6C83E-3C3A-4FA7-84EA-16BAC7A828D2}"
EndProject
Project("{9A19103F-16F7-4668-BE54-9A1E7A4F7556}") = "Audit.EntityFramework.Identity", "src\Audit.EntityFramework.Identity\Audit.EntityFramework.Identity.csproj", "{5D72EC4D-E147-4958-B4E7-AFCC019DE54F}"
EndProject
Project("{9A19103F-16F7-4668-BE54-9A1E7A4F7556}") = "Audit.EntityFramework.Identity.Core", "src\Audit.EntityFramework.Identity.Core\Audit.EntityFramework.Identity.Core.csproj", "{CC836548-51B8-48D6-A8D4-DA8ED91C2E9A}"
EndProject
Project("{9A19103F-16F7-4668-BE54-9A1E7A4F7556}") = "Audit.HttpClient", "src\Audit.HttpClient\Audit.HttpClient.csproj", "{BC4D2C5B-E0EC-4304-9620-7CCCAF9EC683}"
EndProject
Project("{9A19103F-16F7-4668-BE54-9A1E7A4F7556}") = "Audit.NET.NLog", "src\Audit.NET.NLog\Audit.NET.NLog.csproj", "{8660908C-2A22-4FFF-8CB3-D139B1F8ADA1}"
EndProject
Project("{9A19103F-16F7-4668-BE54-9A1E7A4F7556}") = "Audit.EntityFramework.Full.UnitTest", "test\Audit.EntityFramework.Full.UnitTest\Audit.EntityFramework.Full.UnitTest.csproj", "{C2A70131-5E99-4070-B8E8-2B4E296C0A6D}"
EndProject
Project("{9A19103F-16F7-4668-BE54-9A1E7A4F7556}") = "Audit.NET.Kafka", "src\Audit.NET.Kafka\Audit.NET.Kafka.csproj", "{A784FB5C-4097-40FC-9CD5-D97AED2A743D}"
EndProject
Project("{9A19103F-16F7-4668-BE54-9A1E7A4F7556}") = "Audit.NET.AzureCosmos", "src\Audit.NET.AzureCosmos\Audit.NET.AzureCosmos.csproj", "{78784E1E-CFFB-47F1-A585-286CD470542B}"
EndProject
Project("{9A19103F-16F7-4668-BE54-9A1E7A4F7556}") = "Audit.NET.JsonNewtonsoftAdapter", "src\Audit.NET.JsonNewtonsoftAdapter\Audit.NET.JsonNewtonsoftAdapter.csproj", "{7547EDD0-241B-48D4-A07D-29CF38A945BA}"
EndProject
Project("{9A19103F-16F7-4668-BE54-9A1E7A4F7556}") = "Audit.JsonAdapter.UnitTest", "test\Audit.JsonAdapter.UnitTest\Audit.JsonAdapter.UnitTest.csproj", "{D4F8D570-565F-45FA-8313-42984E88258D}"
EndProject
Project("{9A19103F-16F7-4668-BE54-9A1E7A4F7556}") = "Audit.Wcf.Client", "src\Audit.WCF.Client\Audit.Wcf.Client.csproj", "{7EDB1EC7-D0C4-4A4E-BB64-57205101936D}"
EndProject
Project("{9A19103F-16F7-4668-BE54-9A1E7A4F7556}") = "Audit.Wcf.UnitTest", "test\Audit.Wcf.UnitTest\Audit.Wcf.UnitTest.csproj", "{E659C62F-FFFC-4C79-BF2B-ADF94628AC96}"
EndProject
Project("{9A19103F-16F7-4668-BE54-9A1E7A4F7556}") = "Audit.NET.AzureStorageBlobs", "src\Audit.NET.AzureStorageBlobs\Audit.NET.AzureStorageBlobs.csproj", "{18423ECF-EF88-4145-9582-A894A096C1E8}"
EndProject
Project("{9A19103F-16F7-4668-BE54-9A1E7A4F7556}") = "Audit.NET.RavenDB", "src\Audit.NET.RavenDB\Audit.NET.RavenDB.csproj", "{9CFFC932-7B09-4B5D-A7DE-DB5F717BFBEC}"
EndProject
Project("{9A19103F-16F7-4668-BE54-9A1E7A4F7556}") = "Audit.RavenDB.UnitTest", "test\Audit.RavenDB.UnitTest\Audit.RavenDB.UnitTest.csproj", "{0A61745A-5FF6-43A1-9634-FE029217A4E4}"
EndProject
Project("{9A19103F-16F7-4668-BE54-9A1E7A4F7556}") = "Audit.NET.AzureStorageTables", "src\Audit.NET.AzureStorageTables\Audit.NET.AzureStorageTables.csproj", "{934D38BE-7631-430F-B274-07152767F58F}"
EndProject
Project("{9A19103F-16F7-4668-BE54-9A1E7A4F7556}") = "Audit.AzureStorageTables.UnitTest", "test\Audit.AzureStorageTables.UnitTest\Audit.AzureStorageTables.UnitTest.csproj", "{97F2CC5D-6AE6-40E9-AFAC-D4F513C63330}"
EndProject
Project("{9A19103F-16F7-4668-BE54-9A1E7A4F7556}") = "Audit.NET.Serilog", "src\Audit.NET.Serilog\Audit.NET.Serilog.csproj", "{BFB6AB47-0ECC-447E-BD37-3D3B8AA5ACE9}"
EndProject
Project("{9A19103F-16F7-4668-BE54-9A1E7A4F7556}") = "Audit.SqlServer.UnitTest", "test\Audit.SqlServer.UnitTest\Audit.SqlServer.UnitTest.csproj", "{B9F11735-5303-47C6-A8FA-EF9EDAD5FBE8}"
EndProject
Project("{9A19103F-16F7-4668-BE54-9A1E7A4F7556}") = "Audit.MongoClient", "src\Audit.MongoClient\Audit.MongoClient.csproj", "{49E52BFD-5E59-4397-93EB-09DCF16FA9CA}"
EndProject
Project("{9A19103F-16F7-4668-BE54-9A1E7A4F7556}") = "Audit.MongoClient.UnitTest", "test\Audit.MongoClient.UnitTest\Audit.MongoClient.UnitTest.csproj", "{5B3DADC7-981D-42A0-A155-4C3F26DB1991}"
EndProject
Project("{9A19103F-16F7-4668-BE54-9A1E7A4F7556}") = "Audit.FileSystem.UnitTest", "test\Audit.FileSystem.UnitTest\Audit.FileSystem.UnitTest.csproj", "{9F86985D-E08E-4E87-AE3C-5703774B8FCA}"
EndProject
Project("{9A19103F-16F7-4668-BE54-9A1E7A4F7556}") = "Audit.HttpClient.UnitTest", "test\Audit.HttpClient.UnitTest\Audit.HttpClient.UnitTest.csproj", "{0F61820B-9437-48CC-BCBB-76EEE9A4F52A}"
EndProject
Project("{9A19103F-16F7-4668-BE54-9A1E7A4F7556}") = "Audit.AzureCosmos.UnitTest", "test\Audit.AzureCosmos.UnitTest\Audit.AzureCosmos.UnitTest.csproj", "{C4EEAE98-1596-4177-B821-308DEA359A78}"
EndProject
Project("{9A19103F-16F7-4668-BE54-9A1E7A4F7556}") = "Audit.AzureStorageBlobs.UnitTest", "test\Audit.AzureStorageBlobs.UnitTest\Audit.AzureStorageBlobs.UnitTest.csproj", "{2167C9A6-432A-4B44-AFD1-8B71BCE940B9}"
EndProject
Project("{9A19103F-16F7-4668-BE54-9A1E7A4F7556}") = "Audit.DynamoDB.UnitTest", "test\Audit.DynamoDB.UnitTest\Audit.DynamoDB.UnitTest.csproj", "{C0186428-77E9-4317-AE5E-08141D8CADAF}"
EndProject
Project("{9A19103F-16F7-4668-BE54-9A1E7A4F7556}") = "Audit.Elasticsearch.UnitTest", "test\Audit.Elasticsearch.UnitTest\Audit.Elasticsearch.UnitTest.csproj", "{04D5CCB9-E095-40D3-9986-C1E41D8F638F}"
EndProject
Project("{9A19103F-16F7-4668-BE54-9A1E7A4F7556}") = "Audit.Kafka.UnitTest", "test\Audit.Kafka.UnitTest\Audit.Kafka.UnitTest.csproj", "{F812D4F7-322D-48D0-A275-1AEC6978ED23}"
EndProject
Project("{9A19103F-16F7-4668-BE54-9A1E7A4F7556}") = "Audit.MongoDB.UnitTest", "test\Audit.MongoDB.UnitTest\Audit.MongoDB.UnitTest.csproj", "{FDA71427-459F-42CE-9607-CDD6EBE1BEF8}"
EndProject
Project("{9A19103F-16F7-4668-BE54-9A1E7A4F7556}") = "Audit.Firestore.UnitTest", "test\Audit.Firestore.UnitTest\Audit.Firestore.UnitTest.csproj", "{ED8D2E80-C9FA-460E-8CF6-0E921977B0A1}"
EndProject
Project("{9A19103F-16F7-4668-BE54-9A1E7A4F7556}") = "Audit.MySql.UnitTest", "test\Audit.MySql.UnitTest\Audit.MySql.UnitTest.csproj", "{D81558A2-EC45-4526-88E2-F385D42E79E6}"
EndProject
Project("{9A19103F-16F7-4668-BE54-9A1E7A4F7556}") = "Audit.PostgreSql.UnitTest", "test\Audit.PostgreSql.UnitTest\Audit.PostgreSql.UnitTest.csproj", "{E3821A4F-B1F5-4220-A491-4310D4DC4DE4}"
EndProject
Project("{9A19103F-16F7-4668-BE54-9A1E7A4F7556}") = "Audit.Serilog.UnitTest", "test\Audit.Serilog.UnitTest\Audit.Serilog.UnitTest.csproj", "{25E2A9F4-DB37-437D-8688-DDB5C678C0F8}"
EndProject
Project("{9A19103F-16F7-4668-BE54-9A1E7A4F7556}") = "Audit.Wcf.Client.UnitTest", "test\Audit.Wcf.Client.UnitTest\Audit.Wcf.Client.UnitTest.csproj", "{B0EDF983-3AC1-4D8D-9897-A7B639A0001F}"
EndProject
Project("{9A19103F-16F7-4668-BE54-9A1E7A4F7556}") = "Audit.AspNetCore.UnitTest", "test\Audit.AspNetCore.UnitTest\Audit.AspNetCore.UnitTest.csproj", "{0DA81364-E5E3-40BD-A0EA-65A8A0C1BC09}"
EndProject
Project("{9A19103F-16F7-4668-BE54-9A1E7A4F7556}") = "Audit.NET.Polly", "src\Audit.NET.Polly\Audit.NET.Polly.csproj", "{CA13DD91-30D5-45E8-AD0E-4F9049E7DC78}"
EndProject
Project("{9A19103F-16F7-4668-BE54-9A1E7A4F7556}") = "Audit.Polly.UnitTest", "test\Audit.Polly.UnitTest\Audit.Polly.UnitTest.csproj", "{E3097E23-9191-4028-83F2-D231590563FD}"
EndProject
Project("{9A19103F-16F7-4668-BE54-9A1E7A4F7556}") = "Audit.NET.Channels", "src\Audit.NET.Channels\Audit.NET.Channels.csproj", "{5574EA92-47A5-4483-BF7E-89231D38D318}"
EndProject
Project("{FAE04EC0-301F-11D3-BF4B-00C04F79EFBC}") = "Audit.EntityFramework.Abstractions", "src\Audit.EntityFramework.Abstractions\Audit.EntityFramework.Abstractions.csproj", "{59DE2732-27CE-43D3-BFE7-055C51714731}"
EndProject
Project("{FAE04EC0-301F-11D3-BF4B-00C04F79EFBC}") = "Audit.NET.OpenSearch", "src\Audit.NET.OpenSearch\Audit.NET.OpenSearch.csproj", "{9C22A6D0-1A12-4E50-AB79-60924D8DB43A}"
EndProject
Project("{FAE04EC0-301F-11D3-BF4B-00C04F79EFBC}") = "Audit.OpenSearch.UnitTest", "test\Audit.OpenSearch.UnitTest\Audit.OpenSearch.UnitTest.csproj", "{BBAD1050-F654-46D9-A423-BB0A73CE8C19}"
EndProject
Project("{FAE04EC0-301F-11D3-BF4B-00C04F79EFBC}") = "Audit.NET.AzureEventHubs", "src\Audit.NET.AzureEventHubs\Audit.NET.AzureEventHubs.csproj", "{7B0827C1-C03E-C3C9-514B-E165AAE4C085}"
EndProject
Project("{FAE04EC0-301F-11D3-BF4B-00C04F79EFBC}") = "Audit.AzureEventHubs.UnitTest", "test\Audit.AzureEventHubs.UnitTest\Audit.AzureEventHubs.UnitTest.csproj", "{94A02D37-2647-2DB2-2FEA-F951692A6A63}"
EndProject
Project("{FAE04EC0-301F-11D3-BF4B-00C04F79EFBC}") = "Audit.NET.ImmuDB", "src\Audit.NET.ImmuDB\Audit.NET.ImmuDB.csproj", "{D945A16C-FE55-8916-F9D8-DD371D15D0CF}"
EndProject
Project("{FAE04EC0-301F-11D3-BF4B-00C04F79EFBC}") = "Audit.ImmuDB.UnitTest", "test\Audit.ImmuDB.UnitTest\Audit.ImmuDB.UnitTest.csproj", "{5934D98E-8E30-12C5-CD1E-26B223F49A2B}"
EndProject
Global
	GlobalSection(SolutionConfigurationPlatforms) = preSolution
		Debug|Any CPU = Debug|Any CPU
		Debug|x64 = Debug|x64
		Release|Any CPU = Release|Any CPU
		Release|x64 = Release|x64
	EndGlobalSection
	GlobalSection(ProjectConfigurationPlatforms) = postSolution
		{8A6C8B84-2C46-4CC2-A291-D606E1656FF7}.Debug|Any CPU.ActiveCfg = Debug|Any CPU
		{8A6C8B84-2C46-4CC2-A291-D606E1656FF7}.Debug|Any CPU.Build.0 = Debug|Any CPU
		{8A6C8B84-2C46-4CC2-A291-D606E1656FF7}.Debug|x64.ActiveCfg = Debug|Any CPU
		{8A6C8B84-2C46-4CC2-A291-D606E1656FF7}.Debug|x64.Build.0 = Debug|Any CPU
		{8A6C8B84-2C46-4CC2-A291-D606E1656FF7}.Release|Any CPU.ActiveCfg = Release|Any CPU
		{8A6C8B84-2C46-4CC2-A291-D606E1656FF7}.Release|Any CPU.Build.0 = Release|Any CPU
		{8A6C8B84-2C46-4CC2-A291-D606E1656FF7}.Release|x64.ActiveCfg = Release|Any CPU
		{8A6C8B84-2C46-4CC2-A291-D606E1656FF7}.Release|x64.Build.0 = Release|Any CPU
		{2E268670-CC83-471E-8A44-92756342140B}.Debug|Any CPU.ActiveCfg = Debug|Any CPU
		{2E268670-CC83-471E-8A44-92756342140B}.Debug|Any CPU.Build.0 = Debug|Any CPU
		{2E268670-CC83-471E-8A44-92756342140B}.Debug|x64.ActiveCfg = Debug|Any CPU
		{2E268670-CC83-471E-8A44-92756342140B}.Debug|x64.Build.0 = Debug|Any CPU
		{2E268670-CC83-471E-8A44-92756342140B}.Release|Any CPU.ActiveCfg = Release|Any CPU
		{2E268670-CC83-471E-8A44-92756342140B}.Release|Any CPU.Build.0 = Release|Any CPU
		{2E268670-CC83-471E-8A44-92756342140B}.Release|x64.ActiveCfg = Release|Any CPU
		{2E268670-CC83-471E-8A44-92756342140B}.Release|x64.Build.0 = Release|Any CPU
		{95370B23-ED59-420A-B22C-722BF38DEF42}.Debug|Any CPU.ActiveCfg = Debug|Any CPU
		{95370B23-ED59-420A-B22C-722BF38DEF42}.Debug|Any CPU.Build.0 = Debug|Any CPU
		{95370B23-ED59-420A-B22C-722BF38DEF42}.Debug|x64.ActiveCfg = Debug|Any CPU
		{95370B23-ED59-420A-B22C-722BF38DEF42}.Debug|x64.Build.0 = Debug|Any CPU
		{95370B23-ED59-420A-B22C-722BF38DEF42}.Release|Any CPU.ActiveCfg = Release|Any CPU
		{95370B23-ED59-420A-B22C-722BF38DEF42}.Release|Any CPU.Build.0 = Release|Any CPU
		{95370B23-ED59-420A-B22C-722BF38DEF42}.Release|x64.ActiveCfg = Release|Any CPU
		{95370B23-ED59-420A-B22C-722BF38DEF42}.Release|x64.Build.0 = Release|Any CPU
		{D3CEDE4E-620B-40A8-9FFF-E083B3CC6D41}.Debug|Any CPU.ActiveCfg = Debug|Any CPU
		{D3CEDE4E-620B-40A8-9FFF-E083B3CC6D41}.Debug|Any CPU.Build.0 = Debug|Any CPU
		{D3CEDE4E-620B-40A8-9FFF-E083B3CC6D41}.Debug|x64.ActiveCfg = Debug|Any CPU
		{D3CEDE4E-620B-40A8-9FFF-E083B3CC6D41}.Debug|x64.Build.0 = Debug|Any CPU
		{D3CEDE4E-620B-40A8-9FFF-E083B3CC6D41}.Release|Any CPU.ActiveCfg = Release|Any CPU
		{D3CEDE4E-620B-40A8-9FFF-E083B3CC6D41}.Release|Any CPU.Build.0 = Release|Any CPU
		{D3CEDE4E-620B-40A8-9FFF-E083B3CC6D41}.Release|x64.ActiveCfg = Release|Any CPU
		{D3CEDE4E-620B-40A8-9FFF-E083B3CC6D41}.Release|x64.Build.0 = Release|Any CPU
		{30801580-E29E-4A6F-B613-BBDC9699F7D2}.Debug|Any CPU.ActiveCfg = Debug|Any CPU
		{30801580-E29E-4A6F-B613-BBDC9699F7D2}.Debug|Any CPU.Build.0 = Debug|Any CPU
		{30801580-E29E-4A6F-B613-BBDC9699F7D2}.Debug|x64.ActiveCfg = Debug|Any CPU
		{30801580-E29E-4A6F-B613-BBDC9699F7D2}.Debug|x64.Build.0 = Debug|Any CPU
		{30801580-E29E-4A6F-B613-BBDC9699F7D2}.Release|Any CPU.ActiveCfg = Release|Any CPU
		{30801580-E29E-4A6F-B613-BBDC9699F7D2}.Release|Any CPU.Build.0 = Release|Any CPU
		{30801580-E29E-4A6F-B613-BBDC9699F7D2}.Release|x64.ActiveCfg = Release|Any CPU
		{30801580-E29E-4A6F-B613-BBDC9699F7D2}.Release|x64.Build.0 = Release|Any CPU
		{D6C86273-942B-4BE7-8764-FA4567F19C9A}.Debug|Any CPU.ActiveCfg = Debug|Any CPU
		{D6C86273-942B-4BE7-8764-FA4567F19C9A}.Debug|Any CPU.Build.0 = Debug|Any CPU
		{D6C86273-942B-4BE7-8764-FA4567F19C9A}.Debug|x64.ActiveCfg = Debug|Any CPU
		{D6C86273-942B-4BE7-8764-FA4567F19C9A}.Debug|x64.Build.0 = Debug|Any CPU
		{D6C86273-942B-4BE7-8764-FA4567F19C9A}.Release|Any CPU.ActiveCfg = Release|Any CPU
		{D6C86273-942B-4BE7-8764-FA4567F19C9A}.Release|Any CPU.Build.0 = Release|Any CPU
		{D6C86273-942B-4BE7-8764-FA4567F19C9A}.Release|x64.ActiveCfg = Release|Any CPU
		{D6C86273-942B-4BE7-8764-FA4567F19C9A}.Release|x64.Build.0 = Release|Any CPU
		{5D3052CA-00E0-4FCF-9DE0-BD8CBFDAE5DA}.Debug|Any CPU.ActiveCfg = Debug|Any CPU
		{5D3052CA-00E0-4FCF-9DE0-BD8CBFDAE5DA}.Debug|Any CPU.Build.0 = Debug|Any CPU
		{5D3052CA-00E0-4FCF-9DE0-BD8CBFDAE5DA}.Debug|x64.ActiveCfg = Debug|Any CPU
		{5D3052CA-00E0-4FCF-9DE0-BD8CBFDAE5DA}.Debug|x64.Build.0 = Debug|Any CPU
		{5D3052CA-00E0-4FCF-9DE0-BD8CBFDAE5DA}.Release|Any CPU.ActiveCfg = Release|Any CPU
		{5D3052CA-00E0-4FCF-9DE0-BD8CBFDAE5DA}.Release|Any CPU.Build.0 = Release|Any CPU
		{5D3052CA-00E0-4FCF-9DE0-BD8CBFDAE5DA}.Release|x64.ActiveCfg = Release|Any CPU
		{5D3052CA-00E0-4FCF-9DE0-BD8CBFDAE5DA}.Release|x64.Build.0 = Release|Any CPU
		{1F1C8626-C84B-45F6-9E84-F639212CCB2A}.Debug|Any CPU.ActiveCfg = Debug|Any CPU
		{1F1C8626-C84B-45F6-9E84-F639212CCB2A}.Debug|Any CPU.Build.0 = Debug|Any CPU
		{1F1C8626-C84B-45F6-9E84-F639212CCB2A}.Debug|x64.ActiveCfg = Debug|Any CPU
		{1F1C8626-C84B-45F6-9E84-F639212CCB2A}.Debug|x64.Build.0 = Debug|Any CPU
		{1F1C8626-C84B-45F6-9E84-F639212CCB2A}.Release|Any CPU.ActiveCfg = Release|Any CPU
		{1F1C8626-C84B-45F6-9E84-F639212CCB2A}.Release|Any CPU.Build.0 = Release|Any CPU
		{1F1C8626-C84B-45F6-9E84-F639212CCB2A}.Release|x64.ActiveCfg = Release|Any CPU
		{1F1C8626-C84B-45F6-9E84-F639212CCB2A}.Release|x64.Build.0 = Release|Any CPU
		{0E1077B5-0166-46AE-BD6D-7CCEA001D1A3}.Debug|Any CPU.ActiveCfg = Debug|Any CPU
		{0E1077B5-0166-46AE-BD6D-7CCEA001D1A3}.Debug|Any CPU.Build.0 = Debug|Any CPU
		{0E1077B5-0166-46AE-BD6D-7CCEA001D1A3}.Debug|x64.ActiveCfg = Debug|Any CPU
		{0E1077B5-0166-46AE-BD6D-7CCEA001D1A3}.Debug|x64.Build.0 = Debug|Any CPU
		{0E1077B5-0166-46AE-BD6D-7CCEA001D1A3}.Release|Any CPU.ActiveCfg = Release|Any CPU
		{0E1077B5-0166-46AE-BD6D-7CCEA001D1A3}.Release|Any CPU.Build.0 = Release|Any CPU
		{0E1077B5-0166-46AE-BD6D-7CCEA001D1A3}.Release|x64.ActiveCfg = Release|Any CPU
		{0E1077B5-0166-46AE-BD6D-7CCEA001D1A3}.Release|x64.Build.0 = Release|Any CPU
		{6A20E5D4-1E8C-4155-9AA3-D9346A6FAC93}.Debug|Any CPU.ActiveCfg = Debug|Any CPU
		{6A20E5D4-1E8C-4155-9AA3-D9346A6FAC93}.Debug|Any CPU.Build.0 = Debug|Any CPU
		{6A20E5D4-1E8C-4155-9AA3-D9346A6FAC93}.Debug|x64.ActiveCfg = Debug|Any CPU
		{6A20E5D4-1E8C-4155-9AA3-D9346A6FAC93}.Debug|x64.Build.0 = Debug|Any CPU
		{6A20E5D4-1E8C-4155-9AA3-D9346A6FAC93}.Release|Any CPU.ActiveCfg = Release|Any CPU
		{6A20E5D4-1E8C-4155-9AA3-D9346A6FAC93}.Release|Any CPU.Build.0 = Release|Any CPU
		{6A20E5D4-1E8C-4155-9AA3-D9346A6FAC93}.Release|x64.ActiveCfg = Release|Any CPU
		{6A20E5D4-1E8C-4155-9AA3-D9346A6FAC93}.Release|x64.Build.0 = Release|Any CPU
		{0193EA15-7307-4D7F-A7B1-C9EC00686FA0}.Debug|Any CPU.ActiveCfg = Debug|Any CPU
		{0193EA15-7307-4D7F-A7B1-C9EC00686FA0}.Debug|Any CPU.Build.0 = Debug|Any CPU
		{0193EA15-7307-4D7F-A7B1-C9EC00686FA0}.Debug|x64.ActiveCfg = Debug|Any CPU
		{0193EA15-7307-4D7F-A7B1-C9EC00686FA0}.Debug|x64.Build.0 = Debug|Any CPU
		{0193EA15-7307-4D7F-A7B1-C9EC00686FA0}.Release|Any CPU.ActiveCfg = Release|Any CPU
		{0193EA15-7307-4D7F-A7B1-C9EC00686FA0}.Release|Any CPU.Build.0 = Release|Any CPU
		{0193EA15-7307-4D7F-A7B1-C9EC00686FA0}.Release|x64.ActiveCfg = Release|Any CPU
		{0193EA15-7307-4D7F-A7B1-C9EC00686FA0}.Release|x64.Build.0 = Release|Any CPU
		{C60DF995-E82A-4137-9779-DBB5B21FFD4D}.Debug|Any CPU.ActiveCfg = Debug|Any CPU
		{C60DF995-E82A-4137-9779-DBB5B21FFD4D}.Debug|Any CPU.Build.0 = Debug|Any CPU
		{C60DF995-E82A-4137-9779-DBB5B21FFD4D}.Debug|x64.ActiveCfg = Debug|Any CPU
		{C60DF995-E82A-4137-9779-DBB5B21FFD4D}.Debug|x64.Build.0 = Debug|Any CPU
		{C60DF995-E82A-4137-9779-DBB5B21FFD4D}.Release|Any CPU.ActiveCfg = Release|Any CPU
		{C60DF995-E82A-4137-9779-DBB5B21FFD4D}.Release|Any CPU.Build.0 = Release|Any CPU
		{C60DF995-E82A-4137-9779-DBB5B21FFD4D}.Release|x64.ActiveCfg = Release|Any CPU
		{C60DF995-E82A-4137-9779-DBB5B21FFD4D}.Release|x64.Build.0 = Release|Any CPU
		{E66283AC-59E0-4BA7-AC5D-F1DAC08F965D}.Debug|Any CPU.ActiveCfg = Debug|Any CPU
		{E66283AC-59E0-4BA7-AC5D-F1DAC08F965D}.Debug|Any CPU.Build.0 = Debug|Any CPU
		{E66283AC-59E0-4BA7-AC5D-F1DAC08F965D}.Debug|x64.ActiveCfg = Debug|Any CPU
		{E66283AC-59E0-4BA7-AC5D-F1DAC08F965D}.Debug|x64.Build.0 = Debug|Any CPU
		{E66283AC-59E0-4BA7-AC5D-F1DAC08F965D}.Release|Any CPU.ActiveCfg = Release|Any CPU
		{E66283AC-59E0-4BA7-AC5D-F1DAC08F965D}.Release|Any CPU.Build.0 = Release|Any CPU
		{E66283AC-59E0-4BA7-AC5D-F1DAC08F965D}.Release|x64.ActiveCfg = Release|Any CPU
		{E66283AC-59E0-4BA7-AC5D-F1DAC08F965D}.Release|x64.Build.0 = Release|Any CPU
		{0FFD2976-B8EB-4A65-982C-BE4546502C5A}.Debug|Any CPU.ActiveCfg = Debug|Any CPU
		{0FFD2976-B8EB-4A65-982C-BE4546502C5A}.Debug|Any CPU.Build.0 = Debug|Any CPU
		{0FFD2976-B8EB-4A65-982C-BE4546502C5A}.Debug|x64.ActiveCfg = Debug|Any CPU
		{0FFD2976-B8EB-4A65-982C-BE4546502C5A}.Debug|x64.Build.0 = Debug|Any CPU
		{0FFD2976-B8EB-4A65-982C-BE4546502C5A}.Release|Any CPU.ActiveCfg = Release|Any CPU
		{0FFD2976-B8EB-4A65-982C-BE4546502C5A}.Release|Any CPU.Build.0 = Release|Any CPU
		{0FFD2976-B8EB-4A65-982C-BE4546502C5A}.Release|x64.ActiveCfg = Release|Any CPU
		{0FFD2976-B8EB-4A65-982C-BE4546502C5A}.Release|x64.Build.0 = Release|Any CPU
		{A52C51C4-B236-45D5-ADFA-54FD51A3605A}.Debug|Any CPU.ActiveCfg = Debug|Any CPU
		{A52C51C4-B236-45D5-ADFA-54FD51A3605A}.Debug|Any CPU.Build.0 = Debug|Any CPU
		{A52C51C4-B236-45D5-ADFA-54FD51A3605A}.Debug|x64.ActiveCfg = Debug|Any CPU
		{A52C51C4-B236-45D5-ADFA-54FD51A3605A}.Debug|x64.Build.0 = Debug|Any CPU
		{A52C51C4-B236-45D5-ADFA-54FD51A3605A}.Release|Any CPU.ActiveCfg = Release|Any CPU
		{A52C51C4-B236-45D5-ADFA-54FD51A3605A}.Release|Any CPU.Build.0 = Release|Any CPU
		{A52C51C4-B236-45D5-ADFA-54FD51A3605A}.Release|x64.ActiveCfg = Release|Any CPU
		{A52C51C4-B236-45D5-ADFA-54FD51A3605A}.Release|x64.Build.0 = Release|Any CPU
		{F0CA6B9F-0586-4F2A-B895-09CCB45C6FFF}.Debug|Any CPU.ActiveCfg = Debug|Any CPU
		{F0CA6B9F-0586-4F2A-B895-09CCB45C6FFF}.Debug|Any CPU.Build.0 = Debug|Any CPU
		{F0CA6B9F-0586-4F2A-B895-09CCB45C6FFF}.Debug|x64.ActiveCfg = Debug|Any CPU
		{F0CA6B9F-0586-4F2A-B895-09CCB45C6FFF}.Debug|x64.Build.0 = Debug|Any CPU
		{F0CA6B9F-0586-4F2A-B895-09CCB45C6FFF}.Release|Any CPU.ActiveCfg = Release|Any CPU
		{F0CA6B9F-0586-4F2A-B895-09CCB45C6FFF}.Release|Any CPU.Build.0 = Release|Any CPU
		{F0CA6B9F-0586-4F2A-B895-09CCB45C6FFF}.Release|x64.ActiveCfg = Release|Any CPU
		{F0CA6B9F-0586-4F2A-B895-09CCB45C6FFF}.Release|x64.Build.0 = Release|Any CPU
		{6C3586EB-84E7-49BB-A356-1C36E85206BE}.Debug|Any CPU.ActiveCfg = Debug|Any CPU
		{6C3586EB-84E7-49BB-A356-1C36E85206BE}.Debug|Any CPU.Build.0 = Debug|Any CPU
		{6C3586EB-84E7-49BB-A356-1C36E85206BE}.Debug|x64.ActiveCfg = Debug|Any CPU
		{6C3586EB-84E7-49BB-A356-1C36E85206BE}.Debug|x64.Build.0 = Debug|Any CPU
		{6C3586EB-84E7-49BB-A356-1C36E85206BE}.Release|Any CPU.ActiveCfg = Release|Any CPU
		{6C3586EB-84E7-49BB-A356-1C36E85206BE}.Release|Any CPU.Build.0 = Release|Any CPU
		{6C3586EB-84E7-49BB-A356-1C36E85206BE}.Release|x64.ActiveCfg = Release|Any CPU
		{6C3586EB-84E7-49BB-A356-1C36E85206BE}.Release|x64.Build.0 = Release|Any CPU
		{109878E3-07D9-4C96-9F8B-17B898D25734}.Debug|Any CPU.ActiveCfg = Debug|Any CPU
		{109878E3-07D9-4C96-9F8B-17B898D25734}.Debug|Any CPU.Build.0 = Debug|Any CPU
		{109878E3-07D9-4C96-9F8B-17B898D25734}.Debug|x64.ActiveCfg = Debug|Any CPU
		{109878E3-07D9-4C96-9F8B-17B898D25734}.Debug|x64.Build.0 = Debug|Any CPU
		{109878E3-07D9-4C96-9F8B-17B898D25734}.Release|Any CPU.ActiveCfg = Release|Any CPU
		{109878E3-07D9-4C96-9F8B-17B898D25734}.Release|Any CPU.Build.0 = Release|Any CPU
		{109878E3-07D9-4C96-9F8B-17B898D25734}.Release|x64.ActiveCfg = Release|Any CPU
		{109878E3-07D9-4C96-9F8B-17B898D25734}.Release|x64.Build.0 = Release|Any CPU
		{E49DA113-C5E1-4800-8AF7-A975D50D367F}.Debug|Any CPU.ActiveCfg = Debug|Any CPU
		{E49DA113-C5E1-4800-8AF7-A975D50D367F}.Debug|Any CPU.Build.0 = Debug|Any CPU
		{E49DA113-C5E1-4800-8AF7-A975D50D367F}.Debug|x64.ActiveCfg = Debug|Any CPU
		{E49DA113-C5E1-4800-8AF7-A975D50D367F}.Debug|x64.Build.0 = Debug|Any CPU
		{E49DA113-C5E1-4800-8AF7-A975D50D367F}.Release|Any CPU.ActiveCfg = Release|Any CPU
		{E49DA113-C5E1-4800-8AF7-A975D50D367F}.Release|Any CPU.Build.0 = Release|Any CPU
		{E49DA113-C5E1-4800-8AF7-A975D50D367F}.Release|x64.ActiveCfg = Release|Any CPU
		{E49DA113-C5E1-4800-8AF7-A975D50D367F}.Release|x64.Build.0 = Release|Any CPU
		{9F750B91-695D-402A-9570-074D25BB4660}.Debug|Any CPU.ActiveCfg = Debug|Any CPU
		{9F750B91-695D-402A-9570-074D25BB4660}.Debug|Any CPU.Build.0 = Debug|Any CPU
		{9F750B91-695D-402A-9570-074D25BB4660}.Debug|x64.ActiveCfg = Debug|Any CPU
		{9F750B91-695D-402A-9570-074D25BB4660}.Debug|x64.Build.0 = Debug|Any CPU
		{9F750B91-695D-402A-9570-074D25BB4660}.Release|Any CPU.ActiveCfg = Release|Any CPU
		{9F750B91-695D-402A-9570-074D25BB4660}.Release|Any CPU.Build.0 = Release|Any CPU
		{9F750B91-695D-402A-9570-074D25BB4660}.Release|x64.ActiveCfg = Release|Any CPU
		{9F750B91-695D-402A-9570-074D25BB4660}.Release|x64.Build.0 = Release|Any CPU
		{16A5ED20-48BE-484B-8780-43693A3CFF6C}.Debug|Any CPU.ActiveCfg = Debug|Any CPU
		{16A5ED20-48BE-484B-8780-43693A3CFF6C}.Debug|Any CPU.Build.0 = Debug|Any CPU
		{16A5ED20-48BE-484B-8780-43693A3CFF6C}.Debug|x64.ActiveCfg = Debug|Any CPU
		{16A5ED20-48BE-484B-8780-43693A3CFF6C}.Debug|x64.Build.0 = Debug|Any CPU
		{16A5ED20-48BE-484B-8780-43693A3CFF6C}.Release|Any CPU.ActiveCfg = Release|Any CPU
		{16A5ED20-48BE-484B-8780-43693A3CFF6C}.Release|Any CPU.Build.0 = Release|Any CPU
		{16A5ED20-48BE-484B-8780-43693A3CFF6C}.Release|x64.ActiveCfg = Release|Any CPU
		{16A5ED20-48BE-484B-8780-43693A3CFF6C}.Release|x64.Build.0 = Release|Any CPU
		{19A96BB9-0FF0-48C5-9DB1-6ED902422EC6}.Debug|Any CPU.ActiveCfg = Debug|Any CPU
		{19A96BB9-0FF0-48C5-9DB1-6ED902422EC6}.Debug|Any CPU.Build.0 = Debug|Any CPU
		{19A96BB9-0FF0-48C5-9DB1-6ED902422EC6}.Debug|x64.ActiveCfg = Debug|Any CPU
		{19A96BB9-0FF0-48C5-9DB1-6ED902422EC6}.Debug|x64.Build.0 = Debug|Any CPU
		{19A96BB9-0FF0-48C5-9DB1-6ED902422EC6}.Release|Any CPU.ActiveCfg = Release|Any CPU
		{19A96BB9-0FF0-48C5-9DB1-6ED902422EC6}.Release|Any CPU.Build.0 = Release|Any CPU
		{19A96BB9-0FF0-48C5-9DB1-6ED902422EC6}.Release|x64.ActiveCfg = Release|Any CPU
		{19A96BB9-0FF0-48C5-9DB1-6ED902422EC6}.Release|x64.Build.0 = Release|Any CPU
		{35345A58-3DE6-4ACF-8951-E8B8DD71E876}.Debug|Any CPU.ActiveCfg = Debug|Any CPU
		{35345A58-3DE6-4ACF-8951-E8B8DD71E876}.Debug|Any CPU.Build.0 = Debug|Any CPU
		{35345A58-3DE6-4ACF-8951-E8B8DD71E876}.Debug|x64.ActiveCfg = Debug|Any CPU
		{35345A58-3DE6-4ACF-8951-E8B8DD71E876}.Debug|x64.Build.0 = Debug|Any CPU
		{35345A58-3DE6-4ACF-8951-E8B8DD71E876}.Release|Any CPU.ActiveCfg = Release|Any CPU
		{35345A58-3DE6-4ACF-8951-E8B8DD71E876}.Release|Any CPU.Build.0 = Release|Any CPU
		{35345A58-3DE6-4ACF-8951-E8B8DD71E876}.Release|x64.ActiveCfg = Release|Any CPU
		{35345A58-3DE6-4ACF-8951-E8B8DD71E876}.Release|x64.Build.0 = Release|Any CPU
		{51E07A8D-EE59-40EC-BE57-736BE91AD548}.Debug|Any CPU.ActiveCfg = Debug|Any CPU
		{51E07A8D-EE59-40EC-BE57-736BE91AD548}.Debug|Any CPU.Build.0 = Debug|Any CPU
		{51E07A8D-EE59-40EC-BE57-736BE91AD548}.Debug|x64.ActiveCfg = Debug|Any CPU
		{51E07A8D-EE59-40EC-BE57-736BE91AD548}.Debug|x64.Build.0 = Debug|Any CPU
		{51E07A8D-EE59-40EC-BE57-736BE91AD548}.Release|Any CPU.ActiveCfg = Release|Any CPU
		{51E07A8D-EE59-40EC-BE57-736BE91AD548}.Release|Any CPU.Build.0 = Release|Any CPU
		{51E07A8D-EE59-40EC-BE57-736BE91AD548}.Release|x64.ActiveCfg = Release|Any CPU
		{51E07A8D-EE59-40EC-BE57-736BE91AD548}.Release|x64.Build.0 = Release|Any CPU
		{A9877617-7CE9-43F8-A8BD-F2B1B501C652}.Debug|Any CPU.ActiveCfg = Debug|Any CPU
		{A9877617-7CE9-43F8-A8BD-F2B1B501C652}.Debug|Any CPU.Build.0 = Debug|Any CPU
		{A9877617-7CE9-43F8-A8BD-F2B1B501C652}.Debug|x64.ActiveCfg = Debug|Any CPU
		{A9877617-7CE9-43F8-A8BD-F2B1B501C652}.Debug|x64.Build.0 = Debug|Any CPU
		{A9877617-7CE9-43F8-A8BD-F2B1B501C652}.Release|Any CPU.ActiveCfg = Release|Any CPU
		{A9877617-7CE9-43F8-A8BD-F2B1B501C652}.Release|Any CPU.Build.0 = Release|Any CPU
		{A9877617-7CE9-43F8-A8BD-F2B1B501C652}.Release|x64.ActiveCfg = Release|Any CPU
		{A9877617-7CE9-43F8-A8BD-F2B1B501C652}.Release|x64.Build.0 = Release|Any CPU
		{8CFEFBC8-36E4-4B29-8CA7-C0A8C89DAF66}.Debug|Any CPU.ActiveCfg = Debug|Any CPU
		{8CFEFBC8-36E4-4B29-8CA7-C0A8C89DAF66}.Debug|Any CPU.Build.0 = Debug|Any CPU
		{8CFEFBC8-36E4-4B29-8CA7-C0A8C89DAF66}.Debug|x64.ActiveCfg = Debug|Any CPU
		{8CFEFBC8-36E4-4B29-8CA7-C0A8C89DAF66}.Debug|x64.Build.0 = Debug|Any CPU
		{8CFEFBC8-36E4-4B29-8CA7-C0A8C89DAF66}.Release|Any CPU.ActiveCfg = Release|Any CPU
		{8CFEFBC8-36E4-4B29-8CA7-C0A8C89DAF66}.Release|Any CPU.Build.0 = Release|Any CPU
		{8CFEFBC8-36E4-4B29-8CA7-C0A8C89DAF66}.Release|x64.ActiveCfg = Release|Any CPU
		{8CFEFBC8-36E4-4B29-8CA7-C0A8C89DAF66}.Release|x64.Build.0 = Release|Any CPU
		{891B030F-5332-42D3-8C82-18CB29C3A7BD}.Debug|Any CPU.ActiveCfg = Debug|Any CPU
		{891B030F-5332-42D3-8C82-18CB29C3A7BD}.Debug|Any CPU.Build.0 = Debug|Any CPU
		{891B030F-5332-42D3-8C82-18CB29C3A7BD}.Debug|x64.ActiveCfg = Debug|Any CPU
		{891B030F-5332-42D3-8C82-18CB29C3A7BD}.Debug|x64.Build.0 = Debug|Any CPU
		{891B030F-5332-42D3-8C82-18CB29C3A7BD}.Release|Any CPU.ActiveCfg = Release|Any CPU
		{891B030F-5332-42D3-8C82-18CB29C3A7BD}.Release|Any CPU.Build.0 = Release|Any CPU
		{891B030F-5332-42D3-8C82-18CB29C3A7BD}.Release|x64.ActiveCfg = Release|Any CPU
		{891B030F-5332-42D3-8C82-18CB29C3A7BD}.Release|x64.Build.0 = Release|Any CPU
		{5A71A8BD-791E-4FE3-8FB7-B2122115056D}.Debug|Any CPU.ActiveCfg = Debug|Any CPU
		{5A71A8BD-791E-4FE3-8FB7-B2122115056D}.Debug|Any CPU.Build.0 = Debug|Any CPU
		{5A71A8BD-791E-4FE3-8FB7-B2122115056D}.Debug|x64.ActiveCfg = Debug|Any CPU
		{5A71A8BD-791E-4FE3-8FB7-B2122115056D}.Debug|x64.Build.0 = Debug|Any CPU
		{5A71A8BD-791E-4FE3-8FB7-B2122115056D}.Release|Any CPU.ActiveCfg = Release|Any CPU
		{5A71A8BD-791E-4FE3-8FB7-B2122115056D}.Release|Any CPU.Build.0 = Release|Any CPU
		{5A71A8BD-791E-4FE3-8FB7-B2122115056D}.Release|x64.ActiveCfg = Release|Any CPU
		{5A71A8BD-791E-4FE3-8FB7-B2122115056D}.Release|x64.Build.0 = Release|Any CPU
		{D37736EB-5A3F-4D5B-BCF4-45B04BD187EB}.Debug|Any CPU.ActiveCfg = Debug|Any CPU
		{D37736EB-5A3F-4D5B-BCF4-45B04BD187EB}.Debug|Any CPU.Build.0 = Debug|Any CPU
		{D37736EB-5A3F-4D5B-BCF4-45B04BD187EB}.Debug|x64.ActiveCfg = Debug|Any CPU
		{D37736EB-5A3F-4D5B-BCF4-45B04BD187EB}.Debug|x64.Build.0 = Debug|Any CPU
		{D37736EB-5A3F-4D5B-BCF4-45B04BD187EB}.Release|Any CPU.ActiveCfg = Release|Any CPU
		{D37736EB-5A3F-4D5B-BCF4-45B04BD187EB}.Release|Any CPU.Build.0 = Release|Any CPU
		{D37736EB-5A3F-4D5B-BCF4-45B04BD187EB}.Release|x64.ActiveCfg = Release|Any CPU
		{D37736EB-5A3F-4D5B-BCF4-45B04BD187EB}.Release|x64.Build.0 = Release|Any CPU
		{EBA6C83E-3C3A-4FA7-84EA-16BAC7A828D2}.Debug|Any CPU.ActiveCfg = Debug|Any CPU
		{EBA6C83E-3C3A-4FA7-84EA-16BAC7A828D2}.Debug|Any CPU.Build.0 = Debug|Any CPU
		{EBA6C83E-3C3A-4FA7-84EA-16BAC7A828D2}.Debug|x64.ActiveCfg = Debug|Any CPU
		{EBA6C83E-3C3A-4FA7-84EA-16BAC7A828D2}.Debug|x64.Build.0 = Debug|Any CPU
		{EBA6C83E-3C3A-4FA7-84EA-16BAC7A828D2}.Release|Any CPU.ActiveCfg = Release|Any CPU
		{EBA6C83E-3C3A-4FA7-84EA-16BAC7A828D2}.Release|Any CPU.Build.0 = Release|Any CPU
		{EBA6C83E-3C3A-4FA7-84EA-16BAC7A828D2}.Release|x64.ActiveCfg = Release|Any CPU
		{EBA6C83E-3C3A-4FA7-84EA-16BAC7A828D2}.Release|x64.Build.0 = Release|Any CPU
		{5D72EC4D-E147-4958-B4E7-AFCC019DE54F}.Debug|Any CPU.ActiveCfg = Debug|Any CPU
		{5D72EC4D-E147-4958-B4E7-AFCC019DE54F}.Debug|Any CPU.Build.0 = Debug|Any CPU
		{5D72EC4D-E147-4958-B4E7-AFCC019DE54F}.Debug|x64.ActiveCfg = Debug|Any CPU
		{5D72EC4D-E147-4958-B4E7-AFCC019DE54F}.Debug|x64.Build.0 = Debug|Any CPU
		{5D72EC4D-E147-4958-B4E7-AFCC019DE54F}.Release|Any CPU.ActiveCfg = Release|Any CPU
		{5D72EC4D-E147-4958-B4E7-AFCC019DE54F}.Release|Any CPU.Build.0 = Release|Any CPU
		{5D72EC4D-E147-4958-B4E7-AFCC019DE54F}.Release|x64.ActiveCfg = Release|Any CPU
		{5D72EC4D-E147-4958-B4E7-AFCC019DE54F}.Release|x64.Build.0 = Release|Any CPU
		{CC836548-51B8-48D6-A8D4-DA8ED91C2E9A}.Debug|Any CPU.ActiveCfg = Debug|Any CPU
		{CC836548-51B8-48D6-A8D4-DA8ED91C2E9A}.Debug|Any CPU.Build.0 = Debug|Any CPU
		{CC836548-51B8-48D6-A8D4-DA8ED91C2E9A}.Debug|x64.ActiveCfg = Debug|Any CPU
		{CC836548-51B8-48D6-A8D4-DA8ED91C2E9A}.Debug|x64.Build.0 = Debug|Any CPU
		{CC836548-51B8-48D6-A8D4-DA8ED91C2E9A}.Release|Any CPU.ActiveCfg = Release|Any CPU
		{CC836548-51B8-48D6-A8D4-DA8ED91C2E9A}.Release|Any CPU.Build.0 = Release|Any CPU
		{CC836548-51B8-48D6-A8D4-DA8ED91C2E9A}.Release|x64.ActiveCfg = Release|Any CPU
		{CC836548-51B8-48D6-A8D4-DA8ED91C2E9A}.Release|x64.Build.0 = Release|Any CPU
		{BC4D2C5B-E0EC-4304-9620-7CCCAF9EC683}.Debug|Any CPU.ActiveCfg = Debug|Any CPU
		{BC4D2C5B-E0EC-4304-9620-7CCCAF9EC683}.Debug|Any CPU.Build.0 = Debug|Any CPU
		{BC4D2C5B-E0EC-4304-9620-7CCCAF9EC683}.Debug|x64.ActiveCfg = Debug|Any CPU
		{BC4D2C5B-E0EC-4304-9620-7CCCAF9EC683}.Debug|x64.Build.0 = Debug|Any CPU
		{BC4D2C5B-E0EC-4304-9620-7CCCAF9EC683}.Release|Any CPU.ActiveCfg = Release|Any CPU
		{BC4D2C5B-E0EC-4304-9620-7CCCAF9EC683}.Release|Any CPU.Build.0 = Release|Any CPU
		{BC4D2C5B-E0EC-4304-9620-7CCCAF9EC683}.Release|x64.ActiveCfg = Release|Any CPU
		{BC4D2C5B-E0EC-4304-9620-7CCCAF9EC683}.Release|x64.Build.0 = Release|Any CPU
		{8660908C-2A22-4FFF-8CB3-D139B1F8ADA1}.Debug|Any CPU.ActiveCfg = Debug|Any CPU
		{8660908C-2A22-4FFF-8CB3-D139B1F8ADA1}.Debug|Any CPU.Build.0 = Debug|Any CPU
		{8660908C-2A22-4FFF-8CB3-D139B1F8ADA1}.Debug|x64.ActiveCfg = Debug|Any CPU
		{8660908C-2A22-4FFF-8CB3-D139B1F8ADA1}.Debug|x64.Build.0 = Debug|Any CPU
		{8660908C-2A22-4FFF-8CB3-D139B1F8ADA1}.Release|Any CPU.ActiveCfg = Release|Any CPU
		{8660908C-2A22-4FFF-8CB3-D139B1F8ADA1}.Release|Any CPU.Build.0 = Release|Any CPU
		{8660908C-2A22-4FFF-8CB3-D139B1F8ADA1}.Release|x64.ActiveCfg = Release|Any CPU
		{8660908C-2A22-4FFF-8CB3-D139B1F8ADA1}.Release|x64.Build.0 = Release|Any CPU
		{C2A70131-5E99-4070-B8E8-2B4E296C0A6D}.Debug|Any CPU.ActiveCfg = Debug|Any CPU
		{C2A70131-5E99-4070-B8E8-2B4E296C0A6D}.Debug|Any CPU.Build.0 = Debug|Any CPU
		{C2A70131-5E99-4070-B8E8-2B4E296C0A6D}.Debug|x64.ActiveCfg = Debug|Any CPU
		{C2A70131-5E99-4070-B8E8-2B4E296C0A6D}.Debug|x64.Build.0 = Debug|Any CPU
		{C2A70131-5E99-4070-B8E8-2B4E296C0A6D}.Release|Any CPU.ActiveCfg = Release|Any CPU
		{C2A70131-5E99-4070-B8E8-2B4E296C0A6D}.Release|Any CPU.Build.0 = Release|Any CPU
		{C2A70131-5E99-4070-B8E8-2B4E296C0A6D}.Release|x64.ActiveCfg = Release|Any CPU
		{C2A70131-5E99-4070-B8E8-2B4E296C0A6D}.Release|x64.Build.0 = Release|Any CPU
		{A784FB5C-4097-40FC-9CD5-D97AED2A743D}.Debug|Any CPU.ActiveCfg = Debug|Any CPU
		{A784FB5C-4097-40FC-9CD5-D97AED2A743D}.Debug|Any CPU.Build.0 = Debug|Any CPU
		{A784FB5C-4097-40FC-9CD5-D97AED2A743D}.Debug|x64.ActiveCfg = Debug|Any CPU
		{A784FB5C-4097-40FC-9CD5-D97AED2A743D}.Debug|x64.Build.0 = Debug|Any CPU
		{A784FB5C-4097-40FC-9CD5-D97AED2A743D}.Release|Any CPU.ActiveCfg = Release|Any CPU
		{A784FB5C-4097-40FC-9CD5-D97AED2A743D}.Release|Any CPU.Build.0 = Release|Any CPU
		{A784FB5C-4097-40FC-9CD5-D97AED2A743D}.Release|x64.ActiveCfg = Release|Any CPU
		{A784FB5C-4097-40FC-9CD5-D97AED2A743D}.Release|x64.Build.0 = Release|Any CPU
		{78784E1E-CFFB-47F1-A585-286CD470542B}.Debug|Any CPU.ActiveCfg = Debug|Any CPU
		{78784E1E-CFFB-47F1-A585-286CD470542B}.Debug|Any CPU.Build.0 = Debug|Any CPU
		{78784E1E-CFFB-47F1-A585-286CD470542B}.Debug|x64.ActiveCfg = Debug|Any CPU
		{78784E1E-CFFB-47F1-A585-286CD470542B}.Debug|x64.Build.0 = Debug|Any CPU
		{78784E1E-CFFB-47F1-A585-286CD470542B}.Release|Any CPU.ActiveCfg = Release|Any CPU
		{78784E1E-CFFB-47F1-A585-286CD470542B}.Release|Any CPU.Build.0 = Release|Any CPU
		{78784E1E-CFFB-47F1-A585-286CD470542B}.Release|x64.ActiveCfg = Release|Any CPU
		{78784E1E-CFFB-47F1-A585-286CD470542B}.Release|x64.Build.0 = Release|Any CPU
		{7547EDD0-241B-48D4-A07D-29CF38A945BA}.Debug|Any CPU.ActiveCfg = Debug|Any CPU
		{7547EDD0-241B-48D4-A07D-29CF38A945BA}.Debug|Any CPU.Build.0 = Debug|Any CPU
		{7547EDD0-241B-48D4-A07D-29CF38A945BA}.Debug|x64.ActiveCfg = Debug|Any CPU
		{7547EDD0-241B-48D4-A07D-29CF38A945BA}.Debug|x64.Build.0 = Debug|Any CPU
		{7547EDD0-241B-48D4-A07D-29CF38A945BA}.Release|Any CPU.ActiveCfg = Release|Any CPU
		{7547EDD0-241B-48D4-A07D-29CF38A945BA}.Release|Any CPU.Build.0 = Release|Any CPU
		{7547EDD0-241B-48D4-A07D-29CF38A945BA}.Release|x64.ActiveCfg = Release|Any CPU
		{7547EDD0-241B-48D4-A07D-29CF38A945BA}.Release|x64.Build.0 = Release|Any CPU
		{D4F8D570-565F-45FA-8313-42984E88258D}.Debug|Any CPU.ActiveCfg = Debug|Any CPU
		{D4F8D570-565F-45FA-8313-42984E88258D}.Debug|Any CPU.Build.0 = Debug|Any CPU
		{D4F8D570-565F-45FA-8313-42984E88258D}.Debug|x64.ActiveCfg = Debug|Any CPU
		{D4F8D570-565F-45FA-8313-42984E88258D}.Debug|x64.Build.0 = Debug|Any CPU
		{D4F8D570-565F-45FA-8313-42984E88258D}.Release|Any CPU.ActiveCfg = Release|Any CPU
		{D4F8D570-565F-45FA-8313-42984E88258D}.Release|Any CPU.Build.0 = Release|Any CPU
		{D4F8D570-565F-45FA-8313-42984E88258D}.Release|x64.ActiveCfg = Release|Any CPU
		{D4F8D570-565F-45FA-8313-42984E88258D}.Release|x64.Build.0 = Release|Any CPU
		{7EDB1EC7-D0C4-4A4E-BB64-57205101936D}.Debug|Any CPU.ActiveCfg = Debug|Any CPU
		{7EDB1EC7-D0C4-4A4E-BB64-57205101936D}.Debug|Any CPU.Build.0 = Debug|Any CPU
		{7EDB1EC7-D0C4-4A4E-BB64-57205101936D}.Debug|x64.ActiveCfg = Debug|Any CPU
		{7EDB1EC7-D0C4-4A4E-BB64-57205101936D}.Debug|x64.Build.0 = Debug|Any CPU
		{7EDB1EC7-D0C4-4A4E-BB64-57205101936D}.Release|Any CPU.ActiveCfg = Release|Any CPU
		{7EDB1EC7-D0C4-4A4E-BB64-57205101936D}.Release|Any CPU.Build.0 = Release|Any CPU
		{7EDB1EC7-D0C4-4A4E-BB64-57205101936D}.Release|x64.ActiveCfg = Release|Any CPU
		{7EDB1EC7-D0C4-4A4E-BB64-57205101936D}.Release|x64.Build.0 = Release|Any CPU
		{E659C62F-FFFC-4C79-BF2B-ADF94628AC96}.Debug|Any CPU.ActiveCfg = Debug|Any CPU
		{E659C62F-FFFC-4C79-BF2B-ADF94628AC96}.Debug|Any CPU.Build.0 = Debug|Any CPU
		{E659C62F-FFFC-4C79-BF2B-ADF94628AC96}.Debug|x64.ActiveCfg = Debug|Any CPU
		{E659C62F-FFFC-4C79-BF2B-ADF94628AC96}.Debug|x64.Build.0 = Debug|Any CPU
		{E659C62F-FFFC-4C79-BF2B-ADF94628AC96}.Release|Any CPU.ActiveCfg = Release|Any CPU
		{E659C62F-FFFC-4C79-BF2B-ADF94628AC96}.Release|Any CPU.Build.0 = Release|Any CPU
		{E659C62F-FFFC-4C79-BF2B-ADF94628AC96}.Release|x64.ActiveCfg = Release|Any CPU
		{E659C62F-FFFC-4C79-BF2B-ADF94628AC96}.Release|x64.Build.0 = Release|Any CPU
		{18423ECF-EF88-4145-9582-A894A096C1E8}.Debug|Any CPU.ActiveCfg = Debug|Any CPU
		{18423ECF-EF88-4145-9582-A894A096C1E8}.Debug|Any CPU.Build.0 = Debug|Any CPU
		{18423ECF-EF88-4145-9582-A894A096C1E8}.Debug|x64.ActiveCfg = Debug|Any CPU
		{18423ECF-EF88-4145-9582-A894A096C1E8}.Debug|x64.Build.0 = Debug|Any CPU
		{18423ECF-EF88-4145-9582-A894A096C1E8}.Release|Any CPU.ActiveCfg = Release|Any CPU
		{18423ECF-EF88-4145-9582-A894A096C1E8}.Release|Any CPU.Build.0 = Release|Any CPU
		{18423ECF-EF88-4145-9582-A894A096C1E8}.Release|x64.ActiveCfg = Release|Any CPU
		{18423ECF-EF88-4145-9582-A894A096C1E8}.Release|x64.Build.0 = Release|Any CPU
		{9CFFC932-7B09-4B5D-A7DE-DB5F717BFBEC}.Debug|Any CPU.ActiveCfg = Debug|Any CPU
		{9CFFC932-7B09-4B5D-A7DE-DB5F717BFBEC}.Debug|Any CPU.Build.0 = Debug|Any CPU
		{9CFFC932-7B09-4B5D-A7DE-DB5F717BFBEC}.Debug|x64.ActiveCfg = Debug|Any CPU
		{9CFFC932-7B09-4B5D-A7DE-DB5F717BFBEC}.Debug|x64.Build.0 = Debug|Any CPU
		{9CFFC932-7B09-4B5D-A7DE-DB5F717BFBEC}.Release|Any CPU.ActiveCfg = Release|Any CPU
		{9CFFC932-7B09-4B5D-A7DE-DB5F717BFBEC}.Release|Any CPU.Build.0 = Release|Any CPU
		{9CFFC932-7B09-4B5D-A7DE-DB5F717BFBEC}.Release|x64.ActiveCfg = Release|Any CPU
		{9CFFC932-7B09-4B5D-A7DE-DB5F717BFBEC}.Release|x64.Build.0 = Release|Any CPU
		{0A61745A-5FF6-43A1-9634-FE029217A4E4}.Debug|Any CPU.ActiveCfg = Debug|Any CPU
		{0A61745A-5FF6-43A1-9634-FE029217A4E4}.Debug|Any CPU.Build.0 = Debug|Any CPU
		{0A61745A-5FF6-43A1-9634-FE029217A4E4}.Debug|x64.ActiveCfg = Debug|Any CPU
		{0A61745A-5FF6-43A1-9634-FE029217A4E4}.Debug|x64.Build.0 = Debug|Any CPU
		{0A61745A-5FF6-43A1-9634-FE029217A4E4}.Release|Any CPU.ActiveCfg = Release|Any CPU
		{0A61745A-5FF6-43A1-9634-FE029217A4E4}.Release|Any CPU.Build.0 = Release|Any CPU
		{0A61745A-5FF6-43A1-9634-FE029217A4E4}.Release|x64.ActiveCfg = Release|Any CPU
		{0A61745A-5FF6-43A1-9634-FE029217A4E4}.Release|x64.Build.0 = Release|Any CPU
		{934D38BE-7631-430F-B274-07152767F58F}.Debug|Any CPU.ActiveCfg = Debug|Any CPU
		{934D38BE-7631-430F-B274-07152767F58F}.Debug|Any CPU.Build.0 = Debug|Any CPU
		{934D38BE-7631-430F-B274-07152767F58F}.Debug|x64.ActiveCfg = Debug|Any CPU
		{934D38BE-7631-430F-B274-07152767F58F}.Debug|x64.Build.0 = Debug|Any CPU
		{934D38BE-7631-430F-B274-07152767F58F}.Release|Any CPU.ActiveCfg = Release|Any CPU
		{934D38BE-7631-430F-B274-07152767F58F}.Release|Any CPU.Build.0 = Release|Any CPU
		{934D38BE-7631-430F-B274-07152767F58F}.Release|x64.ActiveCfg = Release|Any CPU
		{934D38BE-7631-430F-B274-07152767F58F}.Release|x64.Build.0 = Release|Any CPU
		{97F2CC5D-6AE6-40E9-AFAC-D4F513C63330}.Debug|Any CPU.ActiveCfg = Debug|Any CPU
		{97F2CC5D-6AE6-40E9-AFAC-D4F513C63330}.Debug|Any CPU.Build.0 = Debug|Any CPU
		{97F2CC5D-6AE6-40E9-AFAC-D4F513C63330}.Debug|x64.ActiveCfg = Debug|Any CPU
		{97F2CC5D-6AE6-40E9-AFAC-D4F513C63330}.Debug|x64.Build.0 = Debug|Any CPU
		{97F2CC5D-6AE6-40E9-AFAC-D4F513C63330}.Release|Any CPU.ActiveCfg = Release|Any CPU
		{97F2CC5D-6AE6-40E9-AFAC-D4F513C63330}.Release|Any CPU.Build.0 = Release|Any CPU
		{97F2CC5D-6AE6-40E9-AFAC-D4F513C63330}.Release|x64.ActiveCfg = Release|Any CPU
		{97F2CC5D-6AE6-40E9-AFAC-D4F513C63330}.Release|x64.Build.0 = Release|Any CPU
		{BFB6AB47-0ECC-447E-BD37-3D3B8AA5ACE9}.Debug|Any CPU.ActiveCfg = Debug|Any CPU
		{BFB6AB47-0ECC-447E-BD37-3D3B8AA5ACE9}.Debug|Any CPU.Build.0 = Debug|Any CPU
		{BFB6AB47-0ECC-447E-BD37-3D3B8AA5ACE9}.Debug|x64.ActiveCfg = Debug|Any CPU
		{BFB6AB47-0ECC-447E-BD37-3D3B8AA5ACE9}.Debug|x64.Build.0 = Debug|Any CPU
		{BFB6AB47-0ECC-447E-BD37-3D3B8AA5ACE9}.Release|Any CPU.ActiveCfg = Release|Any CPU
		{BFB6AB47-0ECC-447E-BD37-3D3B8AA5ACE9}.Release|Any CPU.Build.0 = Release|Any CPU
		{BFB6AB47-0ECC-447E-BD37-3D3B8AA5ACE9}.Release|x64.ActiveCfg = Release|Any CPU
		{BFB6AB47-0ECC-447E-BD37-3D3B8AA5ACE9}.Release|x64.Build.0 = Release|Any CPU
		{B9F11735-5303-47C6-A8FA-EF9EDAD5FBE8}.Debug|Any CPU.ActiveCfg = Debug|Any CPU
		{B9F11735-5303-47C6-A8FA-EF9EDAD5FBE8}.Debug|Any CPU.Build.0 = Debug|Any CPU
		{B9F11735-5303-47C6-A8FA-EF9EDAD5FBE8}.Debug|x64.ActiveCfg = Debug|Any CPU
		{B9F11735-5303-47C6-A8FA-EF9EDAD5FBE8}.Debug|x64.Build.0 = Debug|Any CPU
		{B9F11735-5303-47C6-A8FA-EF9EDAD5FBE8}.Release|Any CPU.ActiveCfg = Release|Any CPU
		{B9F11735-5303-47C6-A8FA-EF9EDAD5FBE8}.Release|Any CPU.Build.0 = Release|Any CPU
		{B9F11735-5303-47C6-A8FA-EF9EDAD5FBE8}.Release|x64.ActiveCfg = Release|Any CPU
		{B9F11735-5303-47C6-A8FA-EF9EDAD5FBE8}.Release|x64.Build.0 = Release|Any CPU
		{49E52BFD-5E59-4397-93EB-09DCF16FA9CA}.Debug|Any CPU.ActiveCfg = Debug|Any CPU
		{49E52BFD-5E59-4397-93EB-09DCF16FA9CA}.Debug|Any CPU.Build.0 = Debug|Any CPU
		{49E52BFD-5E59-4397-93EB-09DCF16FA9CA}.Debug|x64.ActiveCfg = Debug|Any CPU
		{49E52BFD-5E59-4397-93EB-09DCF16FA9CA}.Debug|x64.Build.0 = Debug|Any CPU
		{49E52BFD-5E59-4397-93EB-09DCF16FA9CA}.Release|Any CPU.ActiveCfg = Release|Any CPU
		{49E52BFD-5E59-4397-93EB-09DCF16FA9CA}.Release|Any CPU.Build.0 = Release|Any CPU
		{49E52BFD-5E59-4397-93EB-09DCF16FA9CA}.Release|x64.ActiveCfg = Release|Any CPU
		{49E52BFD-5E59-4397-93EB-09DCF16FA9CA}.Release|x64.Build.0 = Release|Any CPU
		{5B3DADC7-981D-42A0-A155-4C3F26DB1991}.Debug|Any CPU.ActiveCfg = Debug|Any CPU
		{5B3DADC7-981D-42A0-A155-4C3F26DB1991}.Debug|Any CPU.Build.0 = Debug|Any CPU
		{5B3DADC7-981D-42A0-A155-4C3F26DB1991}.Debug|x64.ActiveCfg = Debug|Any CPU
		{5B3DADC7-981D-42A0-A155-4C3F26DB1991}.Debug|x64.Build.0 = Debug|Any CPU
		{5B3DADC7-981D-42A0-A155-4C3F26DB1991}.Release|Any CPU.ActiveCfg = Release|Any CPU
		{5B3DADC7-981D-42A0-A155-4C3F26DB1991}.Release|Any CPU.Build.0 = Release|Any CPU
		{5B3DADC7-981D-42A0-A155-4C3F26DB1991}.Release|x64.ActiveCfg = Release|Any CPU
		{5B3DADC7-981D-42A0-A155-4C3F26DB1991}.Release|x64.Build.0 = Release|Any CPU
		{9F86985D-E08E-4E87-AE3C-5703774B8FCA}.Debug|Any CPU.ActiveCfg = Debug|Any CPU
		{9F86985D-E08E-4E87-AE3C-5703774B8FCA}.Debug|Any CPU.Build.0 = Debug|Any CPU
		{9F86985D-E08E-4E87-AE3C-5703774B8FCA}.Debug|x64.ActiveCfg = Debug|Any CPU
		{9F86985D-E08E-4E87-AE3C-5703774B8FCA}.Debug|x64.Build.0 = Debug|Any CPU
		{9F86985D-E08E-4E87-AE3C-5703774B8FCA}.Release|Any CPU.ActiveCfg = Release|Any CPU
		{9F86985D-E08E-4E87-AE3C-5703774B8FCA}.Release|Any CPU.Build.0 = Release|Any CPU
		{9F86985D-E08E-4E87-AE3C-5703774B8FCA}.Release|x64.ActiveCfg = Release|Any CPU
		{9F86985D-E08E-4E87-AE3C-5703774B8FCA}.Release|x64.Build.0 = Release|Any CPU
		{0F61820B-9437-48CC-BCBB-76EEE9A4F52A}.Debug|Any CPU.ActiveCfg = Debug|Any CPU
		{0F61820B-9437-48CC-BCBB-76EEE9A4F52A}.Debug|Any CPU.Build.0 = Debug|Any CPU
		{0F61820B-9437-48CC-BCBB-76EEE9A4F52A}.Debug|x64.ActiveCfg = Debug|Any CPU
		{0F61820B-9437-48CC-BCBB-76EEE9A4F52A}.Debug|x64.Build.0 = Debug|Any CPU
		{0F61820B-9437-48CC-BCBB-76EEE9A4F52A}.Release|Any CPU.ActiveCfg = Release|Any CPU
		{0F61820B-9437-48CC-BCBB-76EEE9A4F52A}.Release|Any CPU.Build.0 = Release|Any CPU
		{0F61820B-9437-48CC-BCBB-76EEE9A4F52A}.Release|x64.ActiveCfg = Release|Any CPU
		{0F61820B-9437-48CC-BCBB-76EEE9A4F52A}.Release|x64.Build.0 = Release|Any CPU
		{C4EEAE98-1596-4177-B821-308DEA359A78}.Debug|Any CPU.ActiveCfg = Debug|Any CPU
		{C4EEAE98-1596-4177-B821-308DEA359A78}.Debug|Any CPU.Build.0 = Debug|Any CPU
		{C4EEAE98-1596-4177-B821-308DEA359A78}.Debug|x64.ActiveCfg = Debug|Any CPU
		{C4EEAE98-1596-4177-B821-308DEA359A78}.Debug|x64.Build.0 = Debug|Any CPU
		{C4EEAE98-1596-4177-B821-308DEA359A78}.Release|Any CPU.ActiveCfg = Release|Any CPU
		{C4EEAE98-1596-4177-B821-308DEA359A78}.Release|Any CPU.Build.0 = Release|Any CPU
		{C4EEAE98-1596-4177-B821-308DEA359A78}.Release|x64.ActiveCfg = Release|Any CPU
		{C4EEAE98-1596-4177-B821-308DEA359A78}.Release|x64.Build.0 = Release|Any CPU
		{2167C9A6-432A-4B44-AFD1-8B71BCE940B9}.Debug|Any CPU.ActiveCfg = Debug|Any CPU
		{2167C9A6-432A-4B44-AFD1-8B71BCE940B9}.Debug|Any CPU.Build.0 = Debug|Any CPU
		{2167C9A6-432A-4B44-AFD1-8B71BCE940B9}.Debug|x64.ActiveCfg = Debug|Any CPU
		{2167C9A6-432A-4B44-AFD1-8B71BCE940B9}.Debug|x64.Build.0 = Debug|Any CPU
		{2167C9A6-432A-4B44-AFD1-8B71BCE940B9}.Release|Any CPU.ActiveCfg = Release|Any CPU
		{2167C9A6-432A-4B44-AFD1-8B71BCE940B9}.Release|Any CPU.Build.0 = Release|Any CPU
		{2167C9A6-432A-4B44-AFD1-8B71BCE940B9}.Release|x64.ActiveCfg = Release|Any CPU
		{2167C9A6-432A-4B44-AFD1-8B71BCE940B9}.Release|x64.Build.0 = Release|Any CPU
		{C0186428-77E9-4317-AE5E-08141D8CADAF}.Debug|Any CPU.ActiveCfg = Debug|Any CPU
		{C0186428-77E9-4317-AE5E-08141D8CADAF}.Debug|Any CPU.Build.0 = Debug|Any CPU
		{C0186428-77E9-4317-AE5E-08141D8CADAF}.Debug|x64.ActiveCfg = Debug|Any CPU
		{C0186428-77E9-4317-AE5E-08141D8CADAF}.Debug|x64.Build.0 = Debug|Any CPU
		{C0186428-77E9-4317-AE5E-08141D8CADAF}.Release|Any CPU.ActiveCfg = Release|Any CPU
		{C0186428-77E9-4317-AE5E-08141D8CADAF}.Release|Any CPU.Build.0 = Release|Any CPU
		{C0186428-77E9-4317-AE5E-08141D8CADAF}.Release|x64.ActiveCfg = Release|Any CPU
		{C0186428-77E9-4317-AE5E-08141D8CADAF}.Release|x64.Build.0 = Release|Any CPU
		{04D5CCB9-E095-40D3-9986-C1E41D8F638F}.Debug|Any CPU.ActiveCfg = Debug|Any CPU
		{04D5CCB9-E095-40D3-9986-C1E41D8F638F}.Debug|Any CPU.Build.0 = Debug|Any CPU
		{04D5CCB9-E095-40D3-9986-C1E41D8F638F}.Debug|x64.ActiveCfg = Debug|Any CPU
		{04D5CCB9-E095-40D3-9986-C1E41D8F638F}.Debug|x64.Build.0 = Debug|Any CPU
		{04D5CCB9-E095-40D3-9986-C1E41D8F638F}.Release|Any CPU.ActiveCfg = Release|Any CPU
		{04D5CCB9-E095-40D3-9986-C1E41D8F638F}.Release|Any CPU.Build.0 = Release|Any CPU
		{04D5CCB9-E095-40D3-9986-C1E41D8F638F}.Release|x64.ActiveCfg = Release|Any CPU
		{04D5CCB9-E095-40D3-9986-C1E41D8F638F}.Release|x64.Build.0 = Release|Any CPU
		{F812D4F7-322D-48D0-A275-1AEC6978ED23}.Debug|Any CPU.ActiveCfg = Debug|Any CPU
		{F812D4F7-322D-48D0-A275-1AEC6978ED23}.Debug|Any CPU.Build.0 = Debug|Any CPU
		{F812D4F7-322D-48D0-A275-1AEC6978ED23}.Debug|x64.ActiveCfg = Debug|Any CPU
		{F812D4F7-322D-48D0-A275-1AEC6978ED23}.Debug|x64.Build.0 = Debug|Any CPU
		{F812D4F7-322D-48D0-A275-1AEC6978ED23}.Release|Any CPU.ActiveCfg = Release|Any CPU
		{F812D4F7-322D-48D0-A275-1AEC6978ED23}.Release|Any CPU.Build.0 = Release|Any CPU
		{F812D4F7-322D-48D0-A275-1AEC6978ED23}.Release|x64.ActiveCfg = Release|Any CPU
		{F812D4F7-322D-48D0-A275-1AEC6978ED23}.Release|x64.Build.0 = Release|Any CPU
		{FDA71427-459F-42CE-9607-CDD6EBE1BEF8}.Debug|Any CPU.ActiveCfg = Debug|Any CPU
		{FDA71427-459F-42CE-9607-CDD6EBE1BEF8}.Debug|Any CPU.Build.0 = Debug|Any CPU
		{FDA71427-459F-42CE-9607-CDD6EBE1BEF8}.Debug|x64.ActiveCfg = Debug|Any CPU
		{FDA71427-459F-42CE-9607-CDD6EBE1BEF8}.Debug|x64.Build.0 = Debug|Any CPU
		{FDA71427-459F-42CE-9607-CDD6EBE1BEF8}.Release|Any CPU.ActiveCfg = Release|Any CPU
		{FDA71427-459F-42CE-9607-CDD6EBE1BEF8}.Release|Any CPU.Build.0 = Release|Any CPU
		{FDA71427-459F-42CE-9607-CDD6EBE1BEF8}.Release|x64.ActiveCfg = Release|Any CPU
		{FDA71427-459F-42CE-9607-CDD6EBE1BEF8}.Release|x64.Build.0 = Release|Any CPU
		{ED8D2E80-C9FA-460E-8CF6-0E921977B0A1}.Debug|Any CPU.ActiveCfg = Debug|Any CPU
		{ED8D2E80-C9FA-460E-8CF6-0E921977B0A1}.Debug|Any CPU.Build.0 = Debug|Any CPU
		{ED8D2E80-C9FA-460E-8CF6-0E921977B0A1}.Debug|x64.ActiveCfg = Debug|Any CPU
		{ED8D2E80-C9FA-460E-8CF6-0E921977B0A1}.Debug|x64.Build.0 = Debug|Any CPU
		{ED8D2E80-C9FA-460E-8CF6-0E921977B0A1}.Release|Any CPU.ActiveCfg = Release|Any CPU
		{ED8D2E80-C9FA-460E-8CF6-0E921977B0A1}.Release|Any CPU.Build.0 = Release|Any CPU
		{ED8D2E80-C9FA-460E-8CF6-0E921977B0A1}.Release|x64.ActiveCfg = Release|Any CPU
		{ED8D2E80-C9FA-460E-8CF6-0E921977B0A1}.Release|x64.Build.0 = Release|Any CPU
		{D81558A2-EC45-4526-88E2-F385D42E79E6}.Debug|Any CPU.ActiveCfg = Debug|Any CPU
		{D81558A2-EC45-4526-88E2-F385D42E79E6}.Debug|Any CPU.Build.0 = Debug|Any CPU
		{D81558A2-EC45-4526-88E2-F385D42E79E6}.Debug|x64.ActiveCfg = Debug|Any CPU
		{D81558A2-EC45-4526-88E2-F385D42E79E6}.Debug|x64.Build.0 = Debug|Any CPU
		{D81558A2-EC45-4526-88E2-F385D42E79E6}.Release|Any CPU.ActiveCfg = Release|Any CPU
		{D81558A2-EC45-4526-88E2-F385D42E79E6}.Release|Any CPU.Build.0 = Release|Any CPU
		{D81558A2-EC45-4526-88E2-F385D42E79E6}.Release|x64.ActiveCfg = Release|Any CPU
		{D81558A2-EC45-4526-88E2-F385D42E79E6}.Release|x64.Build.0 = Release|Any CPU
		{E3821A4F-B1F5-4220-A491-4310D4DC4DE4}.Debug|Any CPU.ActiveCfg = Debug|Any CPU
		{E3821A4F-B1F5-4220-A491-4310D4DC4DE4}.Debug|Any CPU.Build.0 = Debug|Any CPU
		{E3821A4F-B1F5-4220-A491-4310D4DC4DE4}.Debug|x64.ActiveCfg = Debug|Any CPU
		{E3821A4F-B1F5-4220-A491-4310D4DC4DE4}.Debug|x64.Build.0 = Debug|Any CPU
		{E3821A4F-B1F5-4220-A491-4310D4DC4DE4}.Release|Any CPU.ActiveCfg = Release|Any CPU
		{E3821A4F-B1F5-4220-A491-4310D4DC4DE4}.Release|Any CPU.Build.0 = Release|Any CPU
		{E3821A4F-B1F5-4220-A491-4310D4DC4DE4}.Release|x64.ActiveCfg = Release|Any CPU
		{E3821A4F-B1F5-4220-A491-4310D4DC4DE4}.Release|x64.Build.0 = Release|Any CPU
		{25E2A9F4-DB37-437D-8688-DDB5C678C0F8}.Debug|Any CPU.ActiveCfg = Debug|Any CPU
		{25E2A9F4-DB37-437D-8688-DDB5C678C0F8}.Debug|Any CPU.Build.0 = Debug|Any CPU
		{25E2A9F4-DB37-437D-8688-DDB5C678C0F8}.Debug|x64.ActiveCfg = Debug|Any CPU
		{25E2A9F4-DB37-437D-8688-DDB5C678C0F8}.Debug|x64.Build.0 = Debug|Any CPU
		{25E2A9F4-DB37-437D-8688-DDB5C678C0F8}.Release|Any CPU.ActiveCfg = Release|Any CPU
		{25E2A9F4-DB37-437D-8688-DDB5C678C0F8}.Release|Any CPU.Build.0 = Release|Any CPU
		{25E2A9F4-DB37-437D-8688-DDB5C678C0F8}.Release|x64.ActiveCfg = Release|Any CPU
		{25E2A9F4-DB37-437D-8688-DDB5C678C0F8}.Release|x64.Build.0 = Release|Any CPU
		{B0EDF983-3AC1-4D8D-9897-A7B639A0001F}.Debug|Any CPU.ActiveCfg = Debug|Any CPU
		{B0EDF983-3AC1-4D8D-9897-A7B639A0001F}.Debug|Any CPU.Build.0 = Debug|Any CPU
		{B0EDF983-3AC1-4D8D-9897-A7B639A0001F}.Debug|x64.ActiveCfg = Debug|Any CPU
		{B0EDF983-3AC1-4D8D-9897-A7B639A0001F}.Debug|x64.Build.0 = Debug|Any CPU
		{B0EDF983-3AC1-4D8D-9897-A7B639A0001F}.Release|Any CPU.ActiveCfg = Release|Any CPU
		{B0EDF983-3AC1-4D8D-9897-A7B639A0001F}.Release|Any CPU.Build.0 = Release|Any CPU
		{B0EDF983-3AC1-4D8D-9897-A7B639A0001F}.Release|x64.ActiveCfg = Release|Any CPU
		{B0EDF983-3AC1-4D8D-9897-A7B639A0001F}.Release|x64.Build.0 = Release|Any CPU
		{0DA81364-E5E3-40BD-A0EA-65A8A0C1BC09}.Debug|Any CPU.ActiveCfg = Debug|Any CPU
		{0DA81364-E5E3-40BD-A0EA-65A8A0C1BC09}.Debug|Any CPU.Build.0 = Debug|Any CPU
		{0DA81364-E5E3-40BD-A0EA-65A8A0C1BC09}.Debug|x64.ActiveCfg = Debug|Any CPU
		{0DA81364-E5E3-40BD-A0EA-65A8A0C1BC09}.Debug|x64.Build.0 = Debug|Any CPU
		{0DA81364-E5E3-40BD-A0EA-65A8A0C1BC09}.Release|Any CPU.ActiveCfg = Release|Any CPU
		{0DA81364-E5E3-40BD-A0EA-65A8A0C1BC09}.Release|Any CPU.Build.0 = Release|Any CPU
		{0DA81364-E5E3-40BD-A0EA-65A8A0C1BC09}.Release|x64.ActiveCfg = Release|Any CPU
		{0DA81364-E5E3-40BD-A0EA-65A8A0C1BC09}.Release|x64.Build.0 = Release|Any CPU
		{CA13DD91-30D5-45E8-AD0E-4F9049E7DC78}.Debug|Any CPU.ActiveCfg = Debug|Any CPU
		{CA13DD91-30D5-45E8-AD0E-4F9049E7DC78}.Debug|Any CPU.Build.0 = Debug|Any CPU
		{CA13DD91-30D5-45E8-AD0E-4F9049E7DC78}.Debug|x64.ActiveCfg = Debug|Any CPU
		{CA13DD91-30D5-45E8-AD0E-4F9049E7DC78}.Debug|x64.Build.0 = Debug|Any CPU
		{CA13DD91-30D5-45E8-AD0E-4F9049E7DC78}.Release|Any CPU.ActiveCfg = Release|Any CPU
		{CA13DD91-30D5-45E8-AD0E-4F9049E7DC78}.Release|Any CPU.Build.0 = Release|Any CPU
		{CA13DD91-30D5-45E8-AD0E-4F9049E7DC78}.Release|x64.ActiveCfg = Release|Any CPU
		{CA13DD91-30D5-45E8-AD0E-4F9049E7DC78}.Release|x64.Build.0 = Release|Any CPU
		{E3097E23-9191-4028-83F2-D231590563FD}.Debug|Any CPU.ActiveCfg = Debug|Any CPU
		{E3097E23-9191-4028-83F2-D231590563FD}.Debug|Any CPU.Build.0 = Debug|Any CPU
		{E3097E23-9191-4028-83F2-D231590563FD}.Debug|x64.ActiveCfg = Debug|Any CPU
		{E3097E23-9191-4028-83F2-D231590563FD}.Debug|x64.Build.0 = Debug|Any CPU
		{E3097E23-9191-4028-83F2-D231590563FD}.Release|Any CPU.ActiveCfg = Release|Any CPU
		{E3097E23-9191-4028-83F2-D231590563FD}.Release|Any CPU.Build.0 = Release|Any CPU
		{E3097E23-9191-4028-83F2-D231590563FD}.Release|x64.ActiveCfg = Release|Any CPU
		{E3097E23-9191-4028-83F2-D231590563FD}.Release|x64.Build.0 = Release|Any CPU
		{5574EA92-47A5-4483-BF7E-89231D38D318}.Debug|Any CPU.ActiveCfg = Debug|Any CPU
		{5574EA92-47A5-4483-BF7E-89231D38D318}.Debug|Any CPU.Build.0 = Debug|Any CPU
		{5574EA92-47A5-4483-BF7E-89231D38D318}.Debug|x64.ActiveCfg = Debug|Any CPU
		{5574EA92-47A5-4483-BF7E-89231D38D318}.Debug|x64.Build.0 = Debug|Any CPU
		{5574EA92-47A5-4483-BF7E-89231D38D318}.Release|Any CPU.ActiveCfg = Release|Any CPU
		{5574EA92-47A5-4483-BF7E-89231D38D318}.Release|Any CPU.Build.0 = Release|Any CPU
		{5574EA92-47A5-4483-BF7E-89231D38D318}.Release|x64.ActiveCfg = Release|Any CPU
		{5574EA92-47A5-4483-BF7E-89231D38D318}.Release|x64.Build.0 = Release|Any CPU
		{59DE2732-27CE-43D3-BFE7-055C51714731}.Debug|Any CPU.ActiveCfg = Debug|Any CPU
		{59DE2732-27CE-43D3-BFE7-055C51714731}.Debug|Any CPU.Build.0 = Debug|Any CPU
		{59DE2732-27CE-43D3-BFE7-055C51714731}.Debug|x64.ActiveCfg = Debug|Any CPU
		{59DE2732-27CE-43D3-BFE7-055C51714731}.Debug|x64.Build.0 = Debug|Any CPU
		{59DE2732-27CE-43D3-BFE7-055C51714731}.Release|Any CPU.ActiveCfg = Release|Any CPU
		{59DE2732-27CE-43D3-BFE7-055C51714731}.Release|Any CPU.Build.0 = Release|Any CPU
		{59DE2732-27CE-43D3-BFE7-055C51714731}.Release|x64.ActiveCfg = Release|Any CPU
		{59DE2732-27CE-43D3-BFE7-055C51714731}.Release|x64.Build.0 = Release|Any CPU
		{9C22A6D0-1A12-4E50-AB79-60924D8DB43A}.Debug|Any CPU.ActiveCfg = Debug|Any CPU
		{9C22A6D0-1A12-4E50-AB79-60924D8DB43A}.Debug|Any CPU.Build.0 = Debug|Any CPU
		{9C22A6D0-1A12-4E50-AB79-60924D8DB43A}.Debug|x64.ActiveCfg = Debug|Any CPU
		{9C22A6D0-1A12-4E50-AB79-60924D8DB43A}.Debug|x64.Build.0 = Debug|Any CPU
		{9C22A6D0-1A12-4E50-AB79-60924D8DB43A}.Release|Any CPU.ActiveCfg = Release|Any CPU
		{9C22A6D0-1A12-4E50-AB79-60924D8DB43A}.Release|Any CPU.Build.0 = Release|Any CPU
		{9C22A6D0-1A12-4E50-AB79-60924D8DB43A}.Release|x64.ActiveCfg = Release|Any CPU
		{9C22A6D0-1A12-4E50-AB79-60924D8DB43A}.Release|x64.Build.0 = Release|Any CPU
		{BBAD1050-F654-46D9-A423-BB0A73CE8C19}.Debug|Any CPU.ActiveCfg = Debug|Any CPU
		{BBAD1050-F654-46D9-A423-BB0A73CE8C19}.Debug|Any CPU.Build.0 = Debug|Any CPU
		{BBAD1050-F654-46D9-A423-BB0A73CE8C19}.Debug|x64.ActiveCfg = Debug|Any CPU
		{BBAD1050-F654-46D9-A423-BB0A73CE8C19}.Debug|x64.Build.0 = Debug|Any CPU
		{BBAD1050-F654-46D9-A423-BB0A73CE8C19}.Release|Any CPU.ActiveCfg = Release|Any CPU
		{BBAD1050-F654-46D9-A423-BB0A73CE8C19}.Release|Any CPU.Build.0 = Release|Any CPU
		{BBAD1050-F654-46D9-A423-BB0A73CE8C19}.Release|x64.ActiveCfg = Release|Any CPU
		{BBAD1050-F654-46D9-A423-BB0A73CE8C19}.Release|x64.Build.0 = Release|Any CPU
		{7B0827C1-C03E-C3C9-514B-E165AAE4C085}.Debug|Any CPU.ActiveCfg = Debug|Any CPU
		{7B0827C1-C03E-C3C9-514B-E165AAE4C085}.Debug|Any CPU.Build.0 = Debug|Any CPU
		{7B0827C1-C03E-C3C9-514B-E165AAE4C085}.Debug|x64.ActiveCfg = Debug|Any CPU
		{7B0827C1-C03E-C3C9-514B-E165AAE4C085}.Debug|x64.Build.0 = Debug|Any CPU
		{7B0827C1-C03E-C3C9-514B-E165AAE4C085}.Release|Any CPU.ActiveCfg = Release|Any CPU
		{7B0827C1-C03E-C3C9-514B-E165AAE4C085}.Release|Any CPU.Build.0 = Release|Any CPU
		{7B0827C1-C03E-C3C9-514B-E165AAE4C085}.Release|x64.ActiveCfg = Release|Any CPU
		{7B0827C1-C03E-C3C9-514B-E165AAE4C085}.Release|x64.Build.0 = Release|Any CPU
		{94A02D37-2647-2DB2-2FEA-F951692A6A63}.Debug|Any CPU.ActiveCfg = Debug|Any CPU
		{94A02D37-2647-2DB2-2FEA-F951692A6A63}.Debug|Any CPU.Build.0 = Debug|Any CPU
		{94A02D37-2647-2DB2-2FEA-F951692A6A63}.Debug|x64.ActiveCfg = Debug|Any CPU
		{94A02D37-2647-2DB2-2FEA-F951692A6A63}.Debug|x64.Build.0 = Debug|Any CPU
		{94A02D37-2647-2DB2-2FEA-F951692A6A63}.Release|Any CPU.ActiveCfg = Release|Any CPU
		{94A02D37-2647-2DB2-2FEA-F951692A6A63}.Release|Any CPU.Build.0 = Release|Any CPU
		{94A02D37-2647-2DB2-2FEA-F951692A6A63}.Release|x64.ActiveCfg = Release|Any CPU
		{94A02D37-2647-2DB2-2FEA-F951692A6A63}.Release|x64.Build.0 = Release|Any CPU
		{D945A16C-FE55-8916-F9D8-DD371D15D0CF}.Debug|Any CPU.ActiveCfg = Debug|Any CPU
		{D945A16C-FE55-8916-F9D8-DD371D15D0CF}.Debug|Any CPU.Build.0 = Debug|Any CPU
		{D945A16C-FE55-8916-F9D8-DD371D15D0CF}.Debug|x64.ActiveCfg = Debug|Any CPU
		{D945A16C-FE55-8916-F9D8-DD371D15D0CF}.Debug|x64.Build.0 = Debug|Any CPU
		{D945A16C-FE55-8916-F9D8-DD371D15D0CF}.Release|Any CPU.ActiveCfg = Release|Any CPU
		{D945A16C-FE55-8916-F9D8-DD371D15D0CF}.Release|Any CPU.Build.0 = Release|Any CPU
		{D945A16C-FE55-8916-F9D8-DD371D15D0CF}.Release|x64.ActiveCfg = Release|Any CPU
		{D945A16C-FE55-8916-F9D8-DD371D15D0CF}.Release|x64.Build.0 = Release|Any CPU
		{5934D98E-8E30-12C5-CD1E-26B223F49A2B}.Debug|Any CPU.ActiveCfg = Debug|Any CPU
		{5934D98E-8E30-12C5-CD1E-26B223F49A2B}.Debug|Any CPU.Build.0 = Debug|Any CPU
		{5934D98E-8E30-12C5-CD1E-26B223F49A2B}.Debug|x64.ActiveCfg = Debug|Any CPU
		{5934D98E-8E30-12C5-CD1E-26B223F49A2B}.Debug|x64.Build.0 = Debug|Any CPU
		{5934D98E-8E30-12C5-CD1E-26B223F49A2B}.Release|Any CPU.ActiveCfg = Release|Any CPU
		{5934D98E-8E30-12C5-CD1E-26B223F49A2B}.Release|Any CPU.Build.0 = Release|Any CPU
		{5934D98E-8E30-12C5-CD1E-26B223F49A2B}.Release|x64.ActiveCfg = Release|Any CPU
		{5934D98E-8E30-12C5-CD1E-26B223F49A2B}.Release|x64.Build.0 = Release|Any CPU
	EndGlobalSection
	GlobalSection(SolutionProperties) = preSolution
		HideSolutionNode = FALSE
	EndGlobalSection
	GlobalSection(NestedProjects) = preSolution
		{8A6C8B84-2C46-4CC2-A291-D606E1656FF7} = {A54B4BB6-3439-432B-AFD9-FE62D6528D42}
		{2E268670-CC83-471E-8A44-92756342140B} = {A54B4BB6-3439-432B-AFD9-FE62D6528D42}
		{95370B23-ED59-420A-B22C-722BF38DEF42} = {E62475E8-0BE1-4464-BBD9-FD06CC546593}
		{D3CEDE4E-620B-40A8-9FFF-E083B3CC6D41} = {E62475E8-0BE1-4464-BBD9-FD06CC546593}
		{30801580-E29E-4A6F-B613-BBDC9699F7D2} = {E62475E8-0BE1-4464-BBD9-FD06CC546593}
		{D6C86273-942B-4BE7-8764-FA4567F19C9A} = {E62475E8-0BE1-4464-BBD9-FD06CC546593}
		{5D3052CA-00E0-4FCF-9DE0-BD8CBFDAE5DA} = {E62475E8-0BE1-4464-BBD9-FD06CC546593}
		{1F1C8626-C84B-45F6-9E84-F639212CCB2A} = {E62475E8-0BE1-4464-BBD9-FD06CC546593}
		{0E1077B5-0166-46AE-BD6D-7CCEA001D1A3} = {E62475E8-0BE1-4464-BBD9-FD06CC546593}
		{6A20E5D4-1E8C-4155-9AA3-D9346A6FAC93} = {E62475E8-0BE1-4464-BBD9-FD06CC546593}
		{0193EA15-7307-4D7F-A7B1-C9EC00686FA0} = {E62475E8-0BE1-4464-BBD9-FD06CC546593}
		{C60DF995-E82A-4137-9779-DBB5B21FFD4D} = {A54B4BB6-3439-432B-AFD9-FE62D6528D42}
		{E66283AC-59E0-4BA7-AC5D-F1DAC08F965D} = {E62475E8-0BE1-4464-BBD9-FD06CC546593}
		{0FFD2976-B8EB-4A65-982C-BE4546502C5A} = {E62475E8-0BE1-4464-BBD9-FD06CC546593}
		{A52C51C4-B236-45D5-ADFA-54FD51A3605A} = {E62475E8-0BE1-4464-BBD9-FD06CC546593}
		{F0CA6B9F-0586-4F2A-B895-09CCB45C6FFF} = {A54B4BB6-3439-432B-AFD9-FE62D6528D42}
		{6C3586EB-84E7-49BB-A356-1C36E85206BE} = {E62475E8-0BE1-4464-BBD9-FD06CC546593}
		{109878E3-07D9-4C96-9F8B-17B898D25734} = {E62475E8-0BE1-4464-BBD9-FD06CC546593}
		{E49DA113-C5E1-4800-8AF7-A975D50D367F} = {E62475E8-0BE1-4464-BBD9-FD06CC546593}
		{9F750B91-695D-402A-9570-074D25BB4660} = {E62475E8-0BE1-4464-BBD9-FD06CC546593}
		{16A5ED20-48BE-484B-8780-43693A3CFF6C} = {E62475E8-0BE1-4464-BBD9-FD06CC546593}
		{19A96BB9-0FF0-48C5-9DB1-6ED902422EC6} = {E62475E8-0BE1-4464-BBD9-FD06CC546593}
		{35345A58-3DE6-4ACF-8951-E8B8DD71E876} = {E62475E8-0BE1-4464-BBD9-FD06CC546593}
		{51E07A8D-EE59-40EC-BE57-736BE91AD548} = {E62475E8-0BE1-4464-BBD9-FD06CC546593}
		{A9877617-7CE9-43F8-A8BD-F2B1B501C652} = {A54B4BB6-3439-432B-AFD9-FE62D6528D42}
		{8CFEFBC8-36E4-4B29-8CA7-C0A8C89DAF66} = {E62475E8-0BE1-4464-BBD9-FD06CC546593}
		{891B030F-5332-42D3-8C82-18CB29C3A7BD} = {A54B4BB6-3439-432B-AFD9-FE62D6528D42}
		{5A71A8BD-791E-4FE3-8FB7-B2122115056D} = {544B332C-74C2-46AE-8298-3FBB3D4E847A}
		{D37736EB-5A3F-4D5B-BCF4-45B04BD187EB} = {C874D041-824A-4B4B-A27B-851E7B387AED}
		{C874D041-824A-4B4B-A27B-851E7B387AED} = {47AB2E9F-353B-4C6E-B04A-6622DE5F407D}
		{544B332C-74C2-46AE-8298-3FBB3D4E847A} = {47AB2E9F-353B-4C6E-B04A-6622DE5F407D}
		{EBA6C83E-3C3A-4FA7-84EA-16BAC7A828D2} = {E62475E8-0BE1-4464-BBD9-FD06CC546593}
		{5D72EC4D-E147-4958-B4E7-AFCC019DE54F} = {E62475E8-0BE1-4464-BBD9-FD06CC546593}
		{CC836548-51B8-48D6-A8D4-DA8ED91C2E9A} = {E62475E8-0BE1-4464-BBD9-FD06CC546593}
		{BC4D2C5B-E0EC-4304-9620-7CCCAF9EC683} = {E62475E8-0BE1-4464-BBD9-FD06CC546593}
		{8660908C-2A22-4FFF-8CB3-D139B1F8ADA1} = {E62475E8-0BE1-4464-BBD9-FD06CC546593}
		{C2A70131-5E99-4070-B8E8-2B4E296C0A6D} = {A54B4BB6-3439-432B-AFD9-FE62D6528D42}
		{A784FB5C-4097-40FC-9CD5-D97AED2A743D} = {E62475E8-0BE1-4464-BBD9-FD06CC546593}
		{78784E1E-CFFB-47F1-A585-286CD470542B} = {E62475E8-0BE1-4464-BBD9-FD06CC546593}
		{7547EDD0-241B-48D4-A07D-29CF38A945BA} = {E62475E8-0BE1-4464-BBD9-FD06CC546593}
		{D4F8D570-565F-45FA-8313-42984E88258D} = {A54B4BB6-3439-432B-AFD9-FE62D6528D42}
		{7EDB1EC7-D0C4-4A4E-BB64-57205101936D} = {E62475E8-0BE1-4464-BBD9-FD06CC546593}
		{E659C62F-FFFC-4C79-BF2B-ADF94628AC96} = {A54B4BB6-3439-432B-AFD9-FE62D6528D42}
		{18423ECF-EF88-4145-9582-A894A096C1E8} = {E62475E8-0BE1-4464-BBD9-FD06CC546593}
		{9CFFC932-7B09-4B5D-A7DE-DB5F717BFBEC} = {E62475E8-0BE1-4464-BBD9-FD06CC546593}
		{0A61745A-5FF6-43A1-9634-FE029217A4E4} = {A54B4BB6-3439-432B-AFD9-FE62D6528D42}
		{934D38BE-7631-430F-B274-07152767F58F} = {E62475E8-0BE1-4464-BBD9-FD06CC546593}
		{97F2CC5D-6AE6-40E9-AFAC-D4F513C63330} = {A54B4BB6-3439-432B-AFD9-FE62D6528D42}
		{BFB6AB47-0ECC-447E-BD37-3D3B8AA5ACE9} = {E62475E8-0BE1-4464-BBD9-FD06CC546593}
		{B9F11735-5303-47C6-A8FA-EF9EDAD5FBE8} = {A54B4BB6-3439-432B-AFD9-FE62D6528D42}
		{49E52BFD-5E59-4397-93EB-09DCF16FA9CA} = {E62475E8-0BE1-4464-BBD9-FD06CC546593}
		{5B3DADC7-981D-42A0-A155-4C3F26DB1991} = {A54B4BB6-3439-432B-AFD9-FE62D6528D42}
		{9F86985D-E08E-4E87-AE3C-5703774B8FCA} = {A54B4BB6-3439-432B-AFD9-FE62D6528D42}
		{0F61820B-9437-48CC-BCBB-76EEE9A4F52A} = {A54B4BB6-3439-432B-AFD9-FE62D6528D42}
		{C4EEAE98-1596-4177-B821-308DEA359A78} = {A54B4BB6-3439-432B-AFD9-FE62D6528D42}
		{2167C9A6-432A-4B44-AFD1-8B71BCE940B9} = {A54B4BB6-3439-432B-AFD9-FE62D6528D42}
		{C0186428-77E9-4317-AE5E-08141D8CADAF} = {A54B4BB6-3439-432B-AFD9-FE62D6528D42}
		{04D5CCB9-E095-40D3-9986-C1E41D8F638F} = {A54B4BB6-3439-432B-AFD9-FE62D6528D42}
		{F812D4F7-322D-48D0-A275-1AEC6978ED23} = {A54B4BB6-3439-432B-AFD9-FE62D6528D42}
		{FDA71427-459F-42CE-9607-CDD6EBE1BEF8} = {A54B4BB6-3439-432B-AFD9-FE62D6528D42}
		{ED8D2E80-C9FA-460E-8CF6-0E921977B0A1} = {A54B4BB6-3439-432B-AFD9-FE62D6528D42}
		{D81558A2-EC45-4526-88E2-F385D42E79E6} = {A54B4BB6-3439-432B-AFD9-FE62D6528D42}
		{E3821A4F-B1F5-4220-A491-4310D4DC4DE4} = {A54B4BB6-3439-432B-AFD9-FE62D6528D42}
		{25E2A9F4-DB37-437D-8688-DDB5C678C0F8} = {A54B4BB6-3439-432B-AFD9-FE62D6528D42}
		{B0EDF983-3AC1-4D8D-9897-A7B639A0001F} = {A54B4BB6-3439-432B-AFD9-FE62D6528D42}
		{0DA81364-E5E3-40BD-A0EA-65A8A0C1BC09} = {A54B4BB6-3439-432B-AFD9-FE62D6528D42}
		{CA13DD91-30D5-45E8-AD0E-4F9049E7DC78} = {E62475E8-0BE1-4464-BBD9-FD06CC546593}
		{E3097E23-9191-4028-83F2-D231590563FD} = {A54B4BB6-3439-432B-AFD9-FE62D6528D42}
		{5574EA92-47A5-4483-BF7E-89231D38D318} = {E62475E8-0BE1-4464-BBD9-FD06CC546593}
		{59DE2732-27CE-43D3-BFE7-055C51714731} = {E62475E8-0BE1-4464-BBD9-FD06CC546593}
		{9C22A6D0-1A12-4E50-AB79-60924D8DB43A} = {E62475E8-0BE1-4464-BBD9-FD06CC546593}
		{BBAD1050-F654-46D9-A423-BB0A73CE8C19} = {A54B4BB6-3439-432B-AFD9-FE62D6528D42}
		{7B0827C1-C03E-C3C9-514B-E165AAE4C085} = {E62475E8-0BE1-4464-BBD9-FD06CC546593}
		{94A02D37-2647-2DB2-2FEA-F951692A6A63} = {A54B4BB6-3439-432B-AFD9-FE62D6528D42}
		{D945A16C-FE55-8916-F9D8-DD371D15D0CF} = {E62475E8-0BE1-4464-BBD9-FD06CC546593}
		{5934D98E-8E30-12C5-CD1E-26B223F49A2B} = {A54B4BB6-3439-432B-AFD9-FE62D6528D42}
	EndGlobalSection
	GlobalSection(ExtensibilityGlobals) = postSolution
		SolutionGuid = {B1989475-43D6-4AA5-9717-6DBF734B0C6E}
	EndGlobalSection
EndGlobal
