
Microsoft Visual Studio Solution File, Format Version 12.00
# Visual Studio 15
VisualStudioVersion = 15.0.27130.2010
MinimumVisualStudioVersion = 10.0.40219.1
Project("{2150E333-8FDC-42A3-9474-1A3956D46DE8}") = "Solution Items", "Solution Items", "{BF23B905-16A6-4367-B27E-C0D8D2C44347}"
	ProjectSection(SolutionItems) = preProject
		Audit.WebApi.Template.nuspec = Audit.WebApi.Template.nuspec
		README.md = README.md
		content\Audit.WebApi.Template\.template.config\template.json = content\Audit.WebApi.Template\.template.config\template.json
	EndProjectSection
EndProject
Project("{9A19103F-16F7-4668-BE54-9A1E7A4F7556}") = "Audit.WebApi.Template", "content\Audit.WebApi.Template\Audit.WebApi.Template.csproj", "{C03204CB-77E5-42EA-9285-9F21C722BF50}"
EndProject
Global
	GlobalSection(SolutionConfigurationPlatforms) = preSolution
		Debug|Any CPU = Debug|Any CPU
		Release|Any CPU = Release|Any CPU
	EndGlobalSection
	GlobalSection(ProjectConfigurationPlatforms) = postSolution
		{C03204CB-77E5-42EA-9285-9F21C722BF50}.Debug|Any CPU.ActiveCfg = Debug|Any CPU
		{C03204CB-77E5-42EA-9285-9F21C722BF50}.Debug|Any CPU.Build.0 = Debug|Any CPU
		{C03204CB-77E5-42EA-9285-9F21C722BF50}.Release|Any CPU.ActiveCfg = Release|Any CPU
		{C03204CB-77E5-42EA-9285-9F21C722BF50}.Release|Any CPU.Build.0 = Release|Any CPU
	EndGlobalSection
	GlobalSection(SolutionProperties) = preSolution
		HideSolutionNode = FALSE
	EndGlobalSection
	GlobalSection(ExtensibilityGlobals) = postSolution
		SolutionGuid = {6C2E48B0-2242-4B76-A967-9B1D03EE8870}
	EndGlobalSection
EndGlobal
